// !$*UTF8*$!
{
	archiveVersion = 1;
	classes = {
	};
	objectVersion = 46;
	objects = {

/* Begin PBXBuildFile section */
		0A6990351F9F82A300F4BAC7 /* UIApplicationExtension.swift in Sources */ = {isa = PBXBuildFile; fileRef = 0A6990341F9F82A300F4BAC7 /* UIApplicationExtension.swift */; };
		0ABFB8901FA366D90098F751 /* Main.storyboard in Resources */ = {isa = PBXBuildFile; fileRef = 0ABFB8921FA366D90098F751 /* Main.storyboard */; };
		2CBBBFA9E265614B91003C6A /* Pods_GetBee.framework in Frameworks */ = {isa = PBXBuildFile; fileRef = 6CB0E9CAF37F0AF64BAC8CB1 /* Pods_GetBee.framework */; };
		7A06AD972174261800E3CDAA /* ViewModel.swift in Sources */ = {isa = PBXBuildFile; fileRef = 7A06AD962174261800E3CDAA /* ViewModel.swift */; };
		7A06AD992174262300E3CDAA /* Model.swift in Sources */ = {isa = PBXBuildFile; fileRef = 7A06AD982174262300E3CDAA /* Model.swift */; };
		7A06AD9C2174266400E3CDAA /* CustomCell.swift in Sources */ = {isa = PBXBuildFile; fileRef = 7A06AD9B2174266400E3CDAA /* CustomCell.swift */; };
		7A06AD9E2174266C00E3CDAA /* CustomCell.xib in Resources */ = {isa = PBXBuildFile; fileRef = 7A06AD9D2174266C00E3CDAA /* CustomCell.xib */; };
		7A06ADA1217456AF00E3CDAA /* DetailJobController.swift in Sources */ = {isa = PBXBuildFile; fileRef = 7A06ADA0217456AF00E3CDAA /* DetailJobController.swift */; };
		7A0C133221748F90000AC5F2 /* InfoController.swift in Sources */ = {isa = PBXBuildFile; fileRef = 7A0C133121748F90000AC5F2 /* InfoController.swift */; };
		7A0C133421749001000AC5F2 /* StatisticalController.swift in Sources */ = {isa = PBXBuildFile; fileRef = 7A0C133321749001000AC5F2 /* StatisticalController.swift */; };
		7A0C133621749018000AC5F2 /* CVSendController.swift in Sources */ = {isa = PBXBuildFile; fileRef = 7A0C133521749018000AC5F2 /* CVSendController.swift */; };
		7A121D8D21718A4D001E0B35 /* Login.swift in Sources */ = {isa = PBXBuildFile; fileRef = 7A121D8C21718A4D001E0B35 /* Login.swift */; };
		7A17F3BA21A396AD000B4D1F /* ListCVSubmit.swift in Sources */ = {isa = PBXBuildFile; fileRef = 7A17F3B921A396AD000B4D1F /* ListCVSubmit.swift */; };
		7A17F3BC21A3A9AC000B4D1F /* MyCVTableViewCell.swift in Sources */ = {isa = PBXBuildFile; fileRef = 7A17F3BB21A3A9AC000B4D1F /* MyCVTableViewCell.swift */; };
		7A1D971021990D48007A4200 /* MyChoose.swift in Sources */ = {isa = PBXBuildFile; fileRef = 7A1D970F21990D48007A4200 /* MyChoose.swift */; };
		7A1D9712219921B9007A4200 /* CarrerCityStatus.swift in Sources */ = {isa = PBXBuildFile; fileRef = 7A1D9711219921B9007A4200 /* CarrerCityStatus.swift */; };
		7A1D9714219923B0007A4200 /* CarrerList.swift in Sources */ = {isa = PBXBuildFile; fileRef = 7A1D9713219923B0007A4200 /* CarrerList.swift */; };
		7A2EA49821A0EE2400E61681 /* ExpandableCells.swift in Sources */ = {isa = PBXBuildFile; fileRef = 7A2EA49521A0EE2300E61681 /* ExpandableCells.swift */; };
		7A2EA49921A0EE2400E61681 /* ExpandableCell.xib in Resources */ = {isa = PBXBuildFile; fileRef = 7A2EA49621A0EE2400E61681 /* ExpandableCell.xib */; };
		7A2EA49A21A0EE2400E61681 /* ExpandedCell.xib in Resources */ = {isa = PBXBuildFile; fileRef = 7A2EA49721A0EE2400E61681 /* ExpandedCell.xib */; };
		7A2EA49C21A0FC2200E61681 /* LevelDetailCVController.swift in Sources */ = {isa = PBXBuildFile; fileRef = 7A2EA49B21A0FC2200E61681 /* LevelDetailCVController.swift */; };
		7A2EA49E21A0FC3A00E61681 /* LanDetailCVController.swift in Sources */ = {isa = PBXBuildFile; fileRef = 7A2EA49D21A0FC3A00E61681 /* LanDetailCVController.swift */; };
		7A2EA4A021A0FC5400E61681 /* ComDetailCVController.swift in Sources */ = {isa = PBXBuildFile; fileRef = 7A2EA49F21A0FC5400E61681 /* ComDetailCVController.swift */; };
		7A2EA4A221A0FC6300E61681 /* SkillDetailCVController.swift in Sources */ = {isa = PBXBuildFile; fileRef = 7A2EA4A121A0FC6300E61681 /* SkillDetailCVController.swift */; };
		7A51849C21AC08B500BE09F9 /* imageLeft.png in Resources */ = {isa = PBXBuildFile; fileRef = 7A51849B21AC08B300BE09F9 /* imageLeft.png */; };
		7A54077521953E7800324167 /* LoadingOverlay.swift in Sources */ = {isa = PBXBuildFile; fileRef = 7A54077421953E7800324167 /* LoadingOverlay.swift */; };
		7A6F9EF22192CD890081862E /* HomeViewModel.swift in Sources */ = {isa = PBXBuildFile; fileRef = 7A6F9EF12192CD890081862E /* HomeViewModel.swift */; };
		7A6F9EF42192DADE0081862E /* GetMyProfile.swift in Sources */ = {isa = PBXBuildFile; fileRef = 7A6F9EF32192DADE0081862E /* GetMyProfile.swift */; };
		7A6F9EF62192E1050081862E /* JobAPI.swift in Sources */ = {isa = PBXBuildFile; fileRef = 7A6F9EF52192E1050081862E /* JobAPI.swift */; };
		7A6F9EF82192E6B20081862E /* Job.swift in Sources */ = {isa = PBXBuildFile; fileRef = 7A6F9EF72192E6B20081862E /* Job.swift */; };
		7A6F9EFA2192F1570081862E /* JobTableViewCell.swift in Sources */ = {isa = PBXBuildFile; fileRef = 7A6F9EF92192F1570081862E /* JobTableViewCell.swift */; };
		7A73F58B21A82AC800DC67D2 /* DesignableUITextField.swift in Sources */ = {isa = PBXBuildFile; fileRef = 7A73F58A21A82AC800DC67D2 /* DesignableUITextField.swift */; };
		7A74594F219990CC007EDB42 /* JobDetail.swift in Sources */ = {isa = PBXBuildFile; fileRef = 7A74594E219990CC007EDB42 /* JobDetail.swift */; };
		7A77298F219A653F00A0CB97 /* DateUtils.swift in Sources */ = {isa = PBXBuildFile; fileRef = 7A77298E219A653F00A0CB97 /* DateUtils.swift */; };
		7A772991219A69CE00A0CB97 /* StringUtils.swift in Sources */ = {isa = PBXBuildFile; fileRef = 7A772990219A69CE00A0CB97 /* StringUtils.swift */; };
		7A772996219A8A2200A0CB97 /* CVSendTableViewCell.swift in Sources */ = {isa = PBXBuildFile; fileRef = 7A772995219A8A2200A0CB97 /* CVSendTableViewCell.swift */; };
		7A78E35321A53433007BA69C /* SwiftLog.swift in Sources */ = {isa = PBXBuildFile; fileRef = 7A78E35221A53433007BA69C /* SwiftLog.swift */; };
		7A78E35721A5412A007BA69C /* ExpandedLevelCell.xib in Resources */ = {isa = PBXBuildFile; fileRef = 7A78E35621A5412A007BA69C /* ExpandedLevelCell.xib */; };
		7A78E35921A54A4C007BA69C /* ExpandableLanCell.xib in Resources */ = {isa = PBXBuildFile; fileRef = 7A78E35821A54A4C007BA69C /* ExpandableLanCell.xib */; };
		7A78E35B21A54BD0007BA69C /* ExpandedLanCell.xib in Resources */ = {isa = PBXBuildFile; fileRef = 7A78E35A21A54BD0007BA69C /* ExpandedLanCell.xib */; };
		7A78E35D21A5785C007BA69C /* SubmitCV.swift in Sources */ = {isa = PBXBuildFile; fileRef = 7A78E35C21A5785C007BA69C /* SubmitCV.swift */; };
		7A78E35F21A57A1A007BA69C /* ErrorSubmitCV.swift in Sources */ = {isa = PBXBuildFile; fileRef = 7A78E35E21A57A1A007BA69C /* ErrorSubmitCV.swift */; };
		7A882CC2219EC03C009A2518 /* DetailCVController.swift in Sources */ = {isa = PBXBuildFile; fileRef = 7A882CC1219EC03C009A2518 /* DetailCVController.swift */; };
		7A8B9BB221A415F900F6E77C /* Shared.swift in Sources */ = {isa = PBXBuildFile; fileRef = 7A8B9BB121A415F900F6E77C /* Shared.swift */; };
		7A8B9BB421A41D4C00F6E77C /* DeleteCV.swift in Sources */ = {isa = PBXBuildFile; fileRef = 7A8B9BB321A41D4C00F6E77C /* DeleteCV.swift */; };
		7A955E1E21A7E78A00D402D4 /* IntroController.swift in Sources */ = {isa = PBXBuildFile; fileRef = 7A955E1D21A7E78A00D402D4 /* IntroController.swift */; };
		7A955E2021A7EB4300D402D4 /* Images.swift in Sources */ = {isa = PBXBuildFile; fileRef = 7A955E1F21A7EB4300D402D4 /* Images.swift */; };
		7A955E2321A8011800D402D4 /* IntroOneController.swift in Sources */ = {isa = PBXBuildFile; fileRef = 7A955E2221A8011800D402D4 /* IntroOneController.swift */; };
		7A955E2521A8012A00D402D4 /* IntroTwoController.swift in Sources */ = {isa = PBXBuildFile; fileRef = 7A955E2421A8012A00D402D4 /* IntroTwoController.swift */; };
		7A955E2721A8013B00D402D4 /* IntroThreeController.swift in Sources */ = {isa = PBXBuildFile; fileRef = 7A955E2621A8013B00D402D4 /* IntroThreeController.swift */; };
		7A955E2921A8058200D402D4 /* HelperLibrary.swift in Sources */ = {isa = PBXBuildFile; fileRef = 7A955E2821A8058200D402D4 /* HelperLibrary.swift */; };
		7A99AA572171992800E3B0DC /* MainViewController.swift in Sources */ = {isa = PBXBuildFile; fileRef = 7A99AA562171992800E3B0DC /* MainViewController.swift */; };
		7A99AA5C21719A8B00E3B0DC /* LeftViewCell.swift in Sources */ = {isa = PBXBuildFile; fileRef = 7A99AA5A21719A8B00E3B0DC /* LeftViewCell.swift */; };
		7A99AA5D21719A8B00E3B0DC /* LeftViewController.swift in Sources */ = {isa = PBXBuildFile; fileRef = 7A99AA5B21719A8B00E3B0DC /* LeftViewController.swift */; };
		7A99AA6221719B6400E3B0DC /* NavigationController.swift in Sources */ = {isa = PBXBuildFile; fileRef = 7A99AA5F21719B6400E3B0DC /* NavigationController.swift */; };
		7A99AA6421719B6400E3B0DC /* ViewController.swift in Sources */ = {isa = PBXBuildFile; fileRef = 7A99AA6121719B6400E3B0DC /* ViewController.swift */; };
		7AA70218219CFD6300566F43 /* ChooseCVSubmitController.swift in Sources */ = {isa = PBXBuildFile; fileRef = 7AA70217219CFD6300566F43 /* ChooseCVSubmitController.swift */; };
		7AA7021A219CFD8500566F43 /* CVSubmitTableViewCell.swift in Sources */ = {isa = PBXBuildFile; fileRef = 7AA70219219CFD8500566F43 /* CVSubmitTableViewCell.swift */; };
		7AA7021C219CFE8900566F43 /* MyCV.swift in Sources */ = {isa = PBXBuildFile; fileRef = 7AA7021B219CFE8900566F43 /* MyCV.swift */; };
		7AA7021E219CFEEE00566F43 /* CvsAPI.swift in Sources */ = {isa = PBXBuildFile; fileRef = 7AA7021D219CFEEE00566F43 /* CvsAPI.swift */; };
		7AB0AD0821736CF900F576B5 /* InfoAccountController.swift in Sources */ = {isa = PBXBuildFile; fileRef = 7AB0AD0721736CF900F576B5 /* InfoAccountController.swift */; };
		7AB0AD0A2173817F00F576B5 /* ChangePasswordController.swift in Sources */ = {isa = PBXBuildFile; fileRef = 7AB0AD092173817F00F576B5 /* ChangePasswordController.swift */; };
		7AB0AD0C2173876300F576B5 /* CarrerOrCityController.swift in Sources */ = {isa = PBXBuildFile; fileRef = 7AB0AD0B2173876300F576B5 /* CarrerOrCityController.swift */; };
		7AC6DA7A21A24A2F00BD5C10 /* DetailCV.swift in Sources */ = {isa = PBXBuildFile; fileRef = 7AC6DA7921A24A2F00BD5C10 /* DetailCV.swift */; };
		7AC6DA7C21A2756000BD5C10 /* ListCV.swift in Sources */ = {isa = PBXBuildFile; fileRef = 7AC6DA7B21A2756000BD5C10 /* ListCV.swift */; };
		7AC6DA7F21A2782C00BD5C10 /* MyCVController.swift in Sources */ = {isa = PBXBuildFile; fileRef = 7AC6DA7E21A2782C00BD5C10 /* MyCVController.swift */; };
		7AC6DA8121A2784900BD5C10 /* MyCVSavedController.swift in Sources */ = {isa = PBXBuildFile; fileRef = 7AC6DA8021A2784900BD5C10 /* MyCVSavedController.swift */; };
		7AC6DA8321A2785B00BD5C10 /* MyCVAppliedController.swift in Sources */ = {isa = PBXBuildFile; fileRef = 7AC6DA8221A2785B00BD5C10 /* MyCVAppliedController.swift */; };
		7ADFA16221A291A0001492F0 /* ScreenUtils.swift in Sources */ = {isa = PBXBuildFile; fileRef = 7ADFA16121A291A0001492F0 /* ScreenUtils.swift */; };
		7ADFA16521A2B41F001492F0 /* MyJobController.swift in Sources */ = {isa = PBXBuildFile; fileRef = 7ADFA16421A2B41F001492F0 /* MyJobController.swift */; };
		7ADFA16721A2B49B001492F0 /* MyJobSavedController.swift in Sources */ = {isa = PBXBuildFile; fileRef = 7ADFA16621A2B49B001492F0 /* MyJobSavedController.swift */; };
		7ADFA16921A2B4B4001492F0 /* MyJobAppliedController.swift in Sources */ = {isa = PBXBuildFile; fileRef = 7ADFA16821A2B4B4001492F0 /* MyJobAppliedController.swift */; };
		7AF1BD54219FBB20002FDC63 /* InfoDetailCVController.swift in Sources */ = {isa = PBXBuildFile; fileRef = 7AF1BD53219FBB20002FDC63 /* InfoDetailCVController.swift */; };
		7AF1BD56219FCF98002FDC63 /* ExpDetailCVController.swift in Sources */ = {isa = PBXBuildFile; fileRef = 7AF1BD55219FCF98002FDC63 /* ExpDetailCVController.swift */; };
		7AFA0AEC2194364F00A42267 /* AddRemoveJob.swift in Sources */ = {isa = PBXBuildFile; fileRef = 7AFA0AEB2194364F00A42267 /* AddRemoveJob.swift */; };
		7AFB065321A4F3AD0046CB7B /* MyJobSaved.swift in Sources */ = {isa = PBXBuildFile; fileRef = 7AFB065221A4F3AD0046CB7B /* MyJobSaved.swift */; };
		7AFC9F5B216B893C008F6AB1 /* Nunito-Black.ttf in Resources */ = {isa = PBXBuildFile; fileRef = 7AFC9F41216B890E008F6AB1 /* Nunito-Black.ttf */; };
		7AFC9F5C216B893C008F6AB1 /* Nunito-BlackItalic.ttf in Resources */ = {isa = PBXBuildFile; fileRef = 7AFC9F43216B890E008F6AB1 /* Nunito-BlackItalic.ttf */; };
		7AFC9F5D216B893C008F6AB1 /* Nunito-Bold.ttf in Resources */ = {isa = PBXBuildFile; fileRef = 7AFC9F46216B890E008F6AB1 /* Nunito-Bold.ttf */; };
		7AFC9F5E216B893C008F6AB1 /* Nunito-BoldItalic.ttf in Resources */ = {isa = PBXBuildFile; fileRef = 7AFC9F49216B890E008F6AB1 /* Nunito-BoldItalic.ttf */; };
		7AFC9F5F216B893C008F6AB1 /* Nunito-ExtraBold.ttf in Resources */ = {isa = PBXBuildFile; fileRef = 7AFC9F47216B890E008F6AB1 /* Nunito-ExtraBold.ttf */; };
		7AFC9F60216B893C008F6AB1 /* Nunito-ExtraBoldItalic.ttf in Resources */ = {isa = PBXBuildFile; fileRef = 7AFC9F4B216B890E008F6AB1 /* Nunito-ExtraBoldItalic.ttf */; };
		7AFC9F61216B893C008F6AB1 /* Nunito-ExtraLight.ttf in Resources */ = {isa = PBXBuildFile; fileRef = 7AFC9F44216B890E008F6AB1 /* Nunito-ExtraLight.ttf */; };
		7AFC9F62216B893C008F6AB1 /* Nunito-ExtraLightItalic.ttf in Resources */ = {isa = PBXBuildFile; fileRef = 7AFC9F4A216B890E008F6AB1 /* Nunito-ExtraLightItalic.ttf */; };
		7AFC9F63216B893C008F6AB1 /* Nunito-Italic.ttf in Resources */ = {isa = PBXBuildFile; fileRef = 7AFC9F48216B890E008F6AB1 /* Nunito-Italic.ttf */; };
		7AFC9F64216B893C008F6AB1 /* Nunito-Light.ttf in Resources */ = {isa = PBXBuildFile; fileRef = 7AFC9F3F216B890E008F6AB1 /* Nunito-Light.ttf */; };
		7AFC9F65216B893C008F6AB1 /* Nunito-LightItalic.ttf in Resources */ = {isa = PBXBuildFile; fileRef = 7AFC9F4C216B890E008F6AB1 /* Nunito-LightItalic.ttf */; };
		7AFC9F66216B893C008F6AB1 /* Nunito-Regular.ttf in Resources */ = {isa = PBXBuildFile; fileRef = 7AFC9F45216B890E008F6AB1 /* Nunito-Regular.ttf */; };
		7AFC9F67216B893C008F6AB1 /* Nunito-SemiBold.ttf in Resources */ = {isa = PBXBuildFile; fileRef = 7AFC9F40216B890E008F6AB1 /* Nunito-SemiBold.ttf */; };
		7AFC9F68216B893C008F6AB1 /* Nunito-SemiBoldItalic.ttf in Resources */ = {isa = PBXBuildFile; fileRef = 7AFC9F42216B890E008F6AB1 /* Nunito-SemiBoldItalic.ttf */; };
		9B0C72711C738D3400BAF3B1 /* AppDelegate.swift in Sources */ = {isa = PBXBuildFile; fileRef = 9B0C72691C738D3400BAF3B1 /* AppDelegate.swift */; };
		9B0C72721C738D3400BAF3B1 /* Assets.xcassets in Resources */ = {isa = PBXBuildFile; fileRef = 9B0C726A1C738D3400BAF3B1 /* Assets.xcassets */; };
		9B0C72741C738D3400BAF3B1 /* APIClient.swift in Sources */ = {isa = PBXBuildFile; fileRef = 9B0C726C1C738D3400BAF3B1 /* APIClient.swift */; };
		9B0C72761C738D3400BAF3B1 /* UserAPI.swift in Sources */ = {isa = PBXBuildFile; fileRef = 9B0C726E1C738D3400BAF3B1 /* UserAPI.swift */; };
		9B12AF6C1F269B03005FD465 /* ThirdPartyKeys.example.plist in Resources */ = {isa = PBXBuildFile; fileRef = 9B12AF6B1F269B03005FD465 /* ThirdPartyKeys.example.plist */; };
		9B3AA3991ED35007005A4D26 /* SignInViewController.swift in Sources */ = {isa = PBXBuildFile; fileRef = 9B3AA3981ED35007005A4D26 /* SignInViewController.swift */; };
		9B3AA39B1ED35013005A4D26 /* SignUpViewController.swift in Sources */ = {isa = PBXBuildFile; fileRef = 9B3AA39A1ED35013005A4D26 /* SignUpViewController.swift */; };
		9B715A461E28083600C0C039 /* PlaceholderTextView.swift in Sources */ = {isa = PBXBuildFile; fileRef = 9B715A451E28083600C0C039 /* PlaceholderTextView.swift */; };
		9B77E0731E2FB6350020E450 /* User.swift in Sources */ = {isa = PBXBuildFile; fileRef = 9B77E0721E2FB6350020E450 /* User.swift */; };
		9B77E0751E2FB66F0020E450 /* UserDataManager.swift in Sources */ = {isa = PBXBuildFile; fileRef = 9B77E0741E2FB66F0020E450 /* UserDataManager.swift */; };
		9B77E0791E2FCF710020E450 /* Media.swift in Sources */ = {isa = PBXBuildFile; fileRef = 9B77E0781E2FCF710020E450 /* Media.swift */; };
		9B8574D7212C81950063A3E2 /* SignUpViewModel.swift in Sources */ = {isa = PBXBuildFile; fileRef = 9B8574D6212C81950063A3E2 /* SignUpViewModel.swift */; };
		9B8574D9212C84130063A3E2 /* UIImageExtension.swift in Sources */ = {isa = PBXBuildFile; fileRef = 9B8574D8212C84130063A3E2 /* UIImageExtension.swift */; };
		9B88CC671CAB305900AE60C5 /* Constants.swift in Sources */ = {isa = PBXBuildFile; fileRef = 9B88CC661CAB305900AE60C5 /* Constants.swift */; };
		9B8D306B20AB456C0050697F /* Localization.strings in Resources */ = {isa = PBXBuildFile; fileRef = 9B8D306D20AB456C0050697F /* Localization.strings */; };
		9B8D307020AB47E90050697F /* JSONEncodingExtension.swift in Sources */ = {isa = PBXBuildFile; fileRef = 9B8D306F20AB47E90050697F /* JSONEncodingExtension.swift */; };
		9B9C6BFE20C7160700EB0523 /* README.md in Resources */ = {isa = PBXBuildFile; fileRef = 9B9C6BFD20C7160700EB0523 /* README.md */; };
		9BAFB7C32114E3CD0099DC61 /* SignInViewModel.swift in Sources */ = {isa = PBXBuildFile; fileRef = 9BAFB7C22114E3CD0099DC61 /* SignInViewModel.swift */; };
		9BD01E361F01641E007255E3 /* DictionaryExtension.swift in Sources */ = {isa = PBXBuildFile; fileRef = 9BD01E351F01641E007255E3 /* DictionaryExtension.swift */; };
		9BD409101CE9F19E005223C9 /* UIHelper.swift in Sources */ = {isa = PBXBuildFile; fileRef = 9BD4090F1CE9F19E005223C9 /* UIHelper.swift */; };
		9BE3669D1F101737007CAECD /* MultipartMedia.swift in Sources */ = {isa = PBXBuildFile; fileRef = 9BE3669C1F101736007CAECD /* MultipartMedia.swift */; };
		9BE3669F1F10175E007CAECD /* Base64Media.swift in Sources */ = {isa = PBXBuildFile; fileRef = 9BE3669E1F10175E007CAECD /* Base64Media.swift */; };
		9BFA84F31C776827009F64E4 /* LaunchScreen.storyboard in Resources */ = {isa = PBXBuildFile; fileRef = 9BFA84F21C776827009F64E4 /* LaunchScreen.storyboard */; };
		E81171921DE5EFB7003D3DF5 /* UIViewControllerExtension.swift in Sources */ = {isa = PBXBuildFile; fileRef = E81171911DE5EFB7003D3DF5 /* UIViewControllerExtension.swift */; };
		E8290BFE1D832D9200599960 /* UIViewExtension.swift in Sources */ = {isa = PBXBuildFile; fileRef = E8290BFD1D832D9200599960 /* UIViewExtension.swift */; };
		E8290C021D8330A800599960 /* StringExtension.swift in Sources */ = {isa = PBXBuildFile; fileRef = E8290C011D8330A800599960 /* StringExtension.swift */; };
		E8B30E021E72FF8000131DCF /* UIStoryboardExtension.swift in Sources */ = {isa = PBXBuildFile; fileRef = E8B30E011E72FF8000131DCF /* UIStoryboardExtension.swift */; };
		E8FBB1BF1DD21A32000D6740 /* Session.swift in Sources */ = {isa = PBXBuildFile; fileRef = E8FBB1BE1DD21A32000D6740 /* Session.swift */; };
		E8FBB1C11DD21D18000D6740 /* SessionManager.swift in Sources */ = {isa = PBXBuildFile; fileRef = E8FBB1C01DD21D18000D6740 /* SessionManager.swift */; };
		FABDC9221EE1EB2B000DDAC3 /* ConfigurationManager.swift in Sources */ = {isa = PBXBuildFile; fileRef = FABDC9211EE1EB2B000DDAC3 /* ConfigurationManager.swift */; };
/* End PBXBuildFile section */

/* Begin PBXContainerItemProxy section */
		9B2BF72E1EBB9AB5001638C4 /* PBXContainerItemProxy */ = {
			isa = PBXContainerItemProxy;
			containerPortal = 9B5AFAD21C7205EB002347D6 /* Project object */;
			proxyType = 1;
			remoteGlobalIDString = 9B5AFAD91C7205EB002347D6;
			remoteInfo = "ios-base";
		};
/* End PBXContainerItemProxy section */

/* Begin PBXFileReference section */
		0A6990341F9F82A300F4BAC7 /* UIApplicationExtension.swift */ = {isa = PBXFileReference; lastKnownFileType = sourcecode.swift; path = UIApplicationExtension.swift; sourceTree = "<group>"; };
		0ABFB8911FA366D90098F751 /* Base */ = {isa = PBXFileReference; lastKnownFileType = file.storyboard; name = Base; path = Base.lproj/Main.storyboard; sourceTree = "<group>"; };
		0ABFB8941FA366EA0098F751 /* en */ = {isa = PBXFileReference; lastKnownFileType = text.plist.strings; name = en; path = en.lproj/Main.strings; sourceTree = "<group>"; };
		0ABFB8961FA366EC0098F751 /* es */ = {isa = PBXFileReference; lastKnownFileType = text.plist.strings; name = es; path = es.lproj/Main.strings; sourceTree = "<group>"; };
		1918587FFFAFFE12098B2264 /* Pods_AcceptanceTests.framework */ = {isa = PBXFileReference; explicitFileType = wrapper.framework; includeInIndex = 0; path = Pods_AcceptanceTests.framework; sourceTree = BUILT_PRODUCTS_DIR; };
		6CB0E9CAF37F0AF64BAC8CB1 /* Pods_GetBee.framework */ = {isa = PBXFileReference; explicitFileType = wrapper.framework; includeInIndex = 0; path = Pods_GetBee.framework; sourceTree = BUILT_PRODUCTS_DIR; };
		74FD9AC947C095B4D1F946CC /* Pods-GetBee.debug.xcconfig */ = {isa = PBXFileReference; includeInIndex = 1; lastKnownFileType = text.xcconfig; name = "Pods-GetBee.debug.xcconfig"; path = "Pods/Target Support Files/Pods-GetBee/Pods-GetBee.debug.xcconfig"; sourceTree = "<group>"; };
		7A06AD962174261800E3CDAA /* ViewModel.swift */ = {isa = PBXFileReference; fileEncoding = 4; lastKnownFileType = sourcecode.swift; path = ViewModel.swift; sourceTree = "<group>"; };
		7A06AD982174262300E3CDAA /* Model.swift */ = {isa = PBXFileReference; fileEncoding = 4; lastKnownFileType = sourcecode.swift; path = Model.swift; sourceTree = "<group>"; };
		7A06AD9B2174266400E3CDAA /* CustomCell.swift */ = {isa = PBXFileReference; fileEncoding = 4; lastKnownFileType = sourcecode.swift; path = CustomCell.swift; sourceTree = "<group>"; };
		7A06AD9D2174266C00E3CDAA /* CustomCell.xib */ = {isa = PBXFileReference; fileEncoding = 4; lastKnownFileType = file.xib; path = CustomCell.xib; sourceTree = "<group>"; };
		7A06ADA0217456AF00E3CDAA /* DetailJobController.swift */ = {isa = PBXFileReference; lastKnownFileType = sourcecode.swift; path = DetailJobController.swift; sourceTree = "<group>"; };
		7A0C133121748F90000AC5F2 /* InfoController.swift */ = {isa = PBXFileReference; lastKnownFileType = sourcecode.swift; path = InfoController.swift; sourceTree = "<group>"; };
		7A0C133321749001000AC5F2 /* StatisticalController.swift */ = {isa = PBXFileReference; lastKnownFileType = sourcecode.swift; path = StatisticalController.swift; sourceTree = "<group>"; };
		7A0C133521749018000AC5F2 /* CVSendController.swift */ = {isa = PBXFileReference; lastKnownFileType = sourcecode.swift; path = CVSendController.swift; sourceTree = "<group>"; };
		7A121D8C21718A4D001E0B35 /* Login.swift */ = {isa = PBXFileReference; lastKnownFileType = sourcecode.swift; path = Login.swift; sourceTree = "<group>"; };
		7A17F3B921A396AD000B4D1F /* ListCVSubmit.swift */ = {isa = PBXFileReference; lastKnownFileType = sourcecode.swift; path = ListCVSubmit.swift; sourceTree = "<group>"; };
		7A17F3BB21A3A9AC000B4D1F /* MyCVTableViewCell.swift */ = {isa = PBXFileReference; lastKnownFileType = sourcecode.swift; path = MyCVTableViewCell.swift; sourceTree = "<group>"; };
		7A1D970F21990D48007A4200 /* MyChoose.swift */ = {isa = PBXFileReference; lastKnownFileType = sourcecode.swift; path = MyChoose.swift; sourceTree = "<group>"; };
		7A1D9711219921B9007A4200 /* CarrerCityStatus.swift */ = {isa = PBXFileReference; lastKnownFileType = sourcecode.swift; path = CarrerCityStatus.swift; sourceTree = "<group>"; };
		7A1D9713219923B0007A4200 /* CarrerList.swift */ = {isa = PBXFileReference; lastKnownFileType = sourcecode.swift; path = CarrerList.swift; sourceTree = "<group>"; };
		7A2EA49521A0EE2300E61681 /* ExpandableCells.swift */ = {isa = PBXFileReference; fileEncoding = 4; lastKnownFileType = sourcecode.swift; path = ExpandableCells.swift; sourceTree = "<group>"; };
		7A2EA49621A0EE2400E61681 /* ExpandableCell.xib */ = {isa = PBXFileReference; fileEncoding = 4; lastKnownFileType = file.xib; path = ExpandableCell.xib; sourceTree = "<group>"; };
		7A2EA49721A0EE2400E61681 /* ExpandedCell.xib */ = {isa = PBXFileReference; fileEncoding = 4; lastKnownFileType = file.xib; path = ExpandedCell.xib; sourceTree = "<group>"; };
		7A2EA49B21A0FC2200E61681 /* LevelDetailCVController.swift */ = {isa = PBXFileReference; lastKnownFileType = sourcecode.swift; path = LevelDetailCVController.swift; sourceTree = "<group>"; };
		7A2EA49D21A0FC3A00E61681 /* LanDetailCVController.swift */ = {isa = PBXFileReference; lastKnownFileType = sourcecode.swift; path = LanDetailCVController.swift; sourceTree = "<group>"; };
		7A2EA49F21A0FC5400E61681 /* ComDetailCVController.swift */ = {isa = PBXFileReference; lastKnownFileType = sourcecode.swift; path = ComDetailCVController.swift; sourceTree = "<group>"; };
		7A2EA4A121A0FC6300E61681 /* SkillDetailCVController.swift */ = {isa = PBXFileReference; lastKnownFileType = sourcecode.swift; path = SkillDetailCVController.swift; sourceTree = "<group>"; };
		7A51849B21AC08B300BE09F9 /* imageLeft.png */ = {isa = PBXFileReference; lastKnownFileType = image.png; path = imageLeft.png; sourceTree = "<group>"; };
		7A54077421953E7800324167 /* LoadingOverlay.swift */ = {isa = PBXFileReference; fileEncoding = 4; lastKnownFileType = sourcecode.swift; path = LoadingOverlay.swift; sourceTree = "<group>"; };
		7A6F9EF12192CD890081862E /* HomeViewModel.swift */ = {isa = PBXFileReference; fileEncoding = 4; lastKnownFileType = sourcecode.swift; path = HomeViewModel.swift; sourceTree = "<group>"; };
		7A6F9EF32192DADE0081862E /* GetMyProfile.swift */ = {isa = PBXFileReference; lastKnownFileType = sourcecode.swift; path = GetMyProfile.swift; sourceTree = "<group>"; };
		7A6F9EF52192E1050081862E /* JobAPI.swift */ = {isa = PBXFileReference; lastKnownFileType = sourcecode.swift; path = JobAPI.swift; sourceTree = "<group>"; };
		7A6F9EF72192E6B20081862E /* Job.swift */ = {isa = PBXFileReference; lastKnownFileType = sourcecode.swift; path = Job.swift; sourceTree = "<group>"; };
		7A6F9EF92192F1570081862E /* JobTableViewCell.swift */ = {isa = PBXFileReference; lastKnownFileType = sourcecode.swift; path = JobTableViewCell.swift; sourceTree = "<group>"; };
		7A73F58A21A82AC800DC67D2 /* DesignableUITextField.swift */ = {isa = PBXFileReference; lastKnownFileType = sourcecode.swift; path = DesignableUITextField.swift; sourceTree = "<group>"; };
		7A74594E219990CC007EDB42 /* JobDetail.swift */ = {isa = PBXFileReference; lastKnownFileType = sourcecode.swift; path = JobDetail.swift; sourceTree = "<group>"; };
		7A77298E219A653F00A0CB97 /* DateUtils.swift */ = {isa = PBXFileReference; lastKnownFileType = sourcecode.swift; path = DateUtils.swift; sourceTree = "<group>"; };
		7A772990219A69CE00A0CB97 /* StringUtils.swift */ = {isa = PBXFileReference; lastKnownFileType = sourcecode.swift; path = StringUtils.swift; sourceTree = "<group>"; };
		7A772995219A8A2200A0CB97 /* CVSendTableViewCell.swift */ = {isa = PBXFileReference; lastKnownFileType = sourcecode.swift; path = CVSendTableViewCell.swift; sourceTree = "<group>"; };
		7A78E35221A53433007BA69C /* SwiftLog.swift */ = {isa = PBXFileReference; lastKnownFileType = sourcecode.swift; path = SwiftLog.swift; sourceTree = "<group>"; };
		7A78E35621A5412A007BA69C /* ExpandedLevelCell.xib */ = {isa = PBXFileReference; lastKnownFileType = file.xib; path = ExpandedLevelCell.xib; sourceTree = "<group>"; };
		7A78E35821A54A4C007BA69C /* ExpandableLanCell.xib */ = {isa = PBXFileReference; lastKnownFileType = file.xib; path = ExpandableLanCell.xib; sourceTree = "<group>"; };
		7A78E35A21A54BD0007BA69C /* ExpandedLanCell.xib */ = {isa = PBXFileReference; lastKnownFileType = file.xib; path = ExpandedLanCell.xib; sourceTree = "<group>"; };
		7A78E35C21A5785C007BA69C /* SubmitCV.swift */ = {isa = PBXFileReference; lastKnownFileType = sourcecode.swift; path = SubmitCV.swift; sourceTree = "<group>"; };
		7A78E35E21A57A1A007BA69C /* ErrorSubmitCV.swift */ = {isa = PBXFileReference; lastKnownFileType = sourcecode.swift; path = ErrorSubmitCV.swift; sourceTree = "<group>"; };
		7A882CC1219EC03C009A2518 /* DetailCVController.swift */ = {isa = PBXFileReference; lastKnownFileType = sourcecode.swift; path = DetailCVController.swift; sourceTree = "<group>"; };
		7A8B9BB121A415F900F6E77C /* Shared.swift */ = {isa = PBXFileReference; fileEncoding = 4; lastKnownFileType = sourcecode.swift; path = Shared.swift; sourceTree = "<group>"; };
		7A8B9BB321A41D4C00F6E77C /* DeleteCV.swift */ = {isa = PBXFileReference; lastKnownFileType = sourcecode.swift; path = DeleteCV.swift; sourceTree = "<group>"; };
		7A955E1D21A7E78A00D402D4 /* IntroController.swift */ = {isa = PBXFileReference; lastKnownFileType = sourcecode.swift; path = IntroController.swift; sourceTree = "<group>"; };
		7A955E1F21A7EB4300D402D4 /* Images.swift */ = {isa = PBXFileReference; fileEncoding = 4; lastKnownFileType = sourcecode.swift; path = Images.swift; sourceTree = "<group>"; };
		7A955E2221A8011800D402D4 /* IntroOneController.swift */ = {isa = PBXFileReference; lastKnownFileType = sourcecode.swift; path = IntroOneController.swift; sourceTree = "<group>"; };
		7A955E2421A8012A00D402D4 /* IntroTwoController.swift */ = {isa = PBXFileReference; lastKnownFileType = sourcecode.swift; path = IntroTwoController.swift; sourceTree = "<group>"; };
		7A955E2621A8013B00D402D4 /* IntroThreeController.swift */ = {isa = PBXFileReference; lastKnownFileType = sourcecode.swift; path = IntroThreeController.swift; sourceTree = "<group>"; };
		7A955E2821A8058200D402D4 /* HelperLibrary.swift */ = {isa = PBXFileReference; fileEncoding = 4; lastKnownFileType = sourcecode.swift; path = HelperLibrary.swift; sourceTree = "<group>"; };
		7A99AA562171992800E3B0DC /* MainViewController.swift */ = {isa = PBXFileReference; fileEncoding = 4; lastKnownFileType = sourcecode.swift; path = MainViewController.swift; sourceTree = "<group>"; };
		7A99AA58217199B100E3B0DC /* BridgingHeader.h */ = {isa = PBXFileReference; lastKnownFileType = sourcecode.c.h; path = BridgingHeader.h; sourceTree = "<group>"; };
		7A99AA5A21719A8B00E3B0DC /* LeftViewCell.swift */ = {isa = PBXFileReference; fileEncoding = 4; lastKnownFileType = sourcecode.swift; path = LeftViewCell.swift; sourceTree = "<group>"; };
		7A99AA5B21719A8B00E3B0DC /* LeftViewController.swift */ = {isa = PBXFileReference; fileEncoding = 4; lastKnownFileType = sourcecode.swift; path = LeftViewController.swift; sourceTree = "<group>"; };
		7A99AA5F21719B6400E3B0DC /* NavigationController.swift */ = {isa = PBXFileReference; fileEncoding = 4; lastKnownFileType = sourcecode.swift; path = NavigationController.swift; sourceTree = "<group>"; };
		7A99AA6121719B6400E3B0DC /* ViewController.swift */ = {isa = PBXFileReference; fileEncoding = 4; lastKnownFileType = sourcecode.swift; path = ViewController.swift; sourceTree = "<group>"; };
		7AA70217219CFD6300566F43 /* ChooseCVSubmitController.swift */ = {isa = PBXFileReference; lastKnownFileType = sourcecode.swift; path = ChooseCVSubmitController.swift; sourceTree = "<group>"; };
		7AA70219219CFD8500566F43 /* CVSubmitTableViewCell.swift */ = {isa = PBXFileReference; lastKnownFileType = sourcecode.swift; path = CVSubmitTableViewCell.swift; sourceTree = "<group>"; };
		7AA7021B219CFE8900566F43 /* MyCV.swift */ = {isa = PBXFileReference; lastKnownFileType = sourcecode.swift; path = MyCV.swift; sourceTree = "<group>"; };
		7AA7021D219CFEEE00566F43 /* CvsAPI.swift */ = {isa = PBXFileReference; lastKnownFileType = sourcecode.swift; path = CvsAPI.swift; sourceTree = "<group>"; };
		7AB0AD0721736CF900F576B5 /* InfoAccountController.swift */ = {isa = PBXFileReference; lastKnownFileType = sourcecode.swift; path = InfoAccountController.swift; sourceTree = "<group>"; };
		7AB0AD092173817F00F576B5 /* ChangePasswordController.swift */ = {isa = PBXFileReference; lastKnownFileType = sourcecode.swift; path = ChangePasswordController.swift; sourceTree = "<group>"; };
		7AB0AD0B2173876300F576B5 /* CarrerOrCityController.swift */ = {isa = PBXFileReference; lastKnownFileType = sourcecode.swift; path = CarrerOrCityController.swift; sourceTree = "<group>"; };
		7AC6DA7921A24A2F00BD5C10 /* DetailCV.swift */ = {isa = PBXFileReference; lastKnownFileType = sourcecode.swift; path = DetailCV.swift; sourceTree = "<group>"; };
		7AC6DA7B21A2756000BD5C10 /* ListCV.swift */ = {isa = PBXFileReference; lastKnownFileType = sourcecode.swift; path = ListCV.swift; sourceTree = "<group>"; };
		7AC6DA7E21A2782C00BD5C10 /* MyCVController.swift */ = {isa = PBXFileReference; lastKnownFileType = sourcecode.swift; path = MyCVController.swift; sourceTree = "<group>"; };
		7AC6DA8021A2784900BD5C10 /* MyCVSavedController.swift */ = {isa = PBXFileReference; lastKnownFileType = sourcecode.swift; path = MyCVSavedController.swift; sourceTree = "<group>"; };
		7AC6DA8221A2785B00BD5C10 /* MyCVAppliedController.swift */ = {isa = PBXFileReference; lastKnownFileType = sourcecode.swift; path = MyCVAppliedController.swift; sourceTree = "<group>"; };
		7ADFA16121A291A0001492F0 /* ScreenUtils.swift */ = {isa = PBXFileReference; lastKnownFileType = sourcecode.swift; path = ScreenUtils.swift; sourceTree = "<group>"; };
		7ADFA16421A2B41F001492F0 /* MyJobController.swift */ = {isa = PBXFileReference; lastKnownFileType = sourcecode.swift; path = MyJobController.swift; sourceTree = "<group>"; };
		7ADFA16621A2B49B001492F0 /* MyJobSavedController.swift */ = {isa = PBXFileReference; lastKnownFileType = sourcecode.swift; path = MyJobSavedController.swift; sourceTree = "<group>"; };
		7ADFA16821A2B4B4001492F0 /* MyJobAppliedController.swift */ = {isa = PBXFileReference; lastKnownFileType = sourcecode.swift; path = MyJobAppliedController.swift; sourceTree = "<group>"; };
		7AF1BD53219FBB20002FDC63 /* InfoDetailCVController.swift */ = {isa = PBXFileReference; lastKnownFileType = sourcecode.swift; path = InfoDetailCVController.swift; sourceTree = "<group>"; };
		7AF1BD55219FCF98002FDC63 /* ExpDetailCVController.swift */ = {isa = PBXFileReference; lastKnownFileType = sourcecode.swift; path = ExpDetailCVController.swift; sourceTree = "<group>"; };
		7AFA0AEB2194364F00A42267 /* AddRemoveJob.swift */ = {isa = PBXFileReference; lastKnownFileType = sourcecode.swift; path = AddRemoveJob.swift; sourceTree = "<group>"; };
		7AFB065221A4F3AD0046CB7B /* MyJobSaved.swift */ = {isa = PBXFileReference; lastKnownFileType = sourcecode.swift; path = MyJobSaved.swift; sourceTree = "<group>"; };
		7AFC9F3F216B890E008F6AB1 /* Nunito-Light.ttf */ = {isa = PBXFileReference; lastKnownFileType = file; path = "Nunito-Light.ttf"; sourceTree = "<group>"; };
		7AFC9F40216B890E008F6AB1 /* Nunito-SemiBold.ttf */ = {isa = PBXFileReference; lastKnownFileType = file; path = "Nunito-SemiBold.ttf"; sourceTree = "<group>"; };
		7AFC9F41216B890E008F6AB1 /* Nunito-Black.ttf */ = {isa = PBXFileReference; lastKnownFileType = file; path = "Nunito-Black.ttf"; sourceTree = "<group>"; };
		7AFC9F42216B890E008F6AB1 /* Nunito-SemiBoldItalic.ttf */ = {isa = PBXFileReference; lastKnownFileType = file; path = "Nunito-SemiBoldItalic.ttf"; sourceTree = "<group>"; };
		7AFC9F43216B890E008F6AB1 /* Nunito-BlackItalic.ttf */ = {isa = PBXFileReference; lastKnownFileType = file; path = "Nunito-BlackItalic.ttf"; sourceTree = "<group>"; };
		7AFC9F44216B890E008F6AB1 /* Nunito-ExtraLight.ttf */ = {isa = PBXFileReference; lastKnownFileType = file; path = "Nunito-ExtraLight.ttf"; sourceTree = "<group>"; };
		7AFC9F45216B890E008F6AB1 /* Nunito-Regular.ttf */ = {isa = PBXFileReference; lastKnownFileType = file; path = "Nunito-Regular.ttf"; sourceTree = "<group>"; };
		7AFC9F46216B890E008F6AB1 /* Nunito-Bold.ttf */ = {isa = PBXFileReference; lastKnownFileType = file; path = "Nunito-Bold.ttf"; sourceTree = "<group>"; };
		7AFC9F47216B890E008F6AB1 /* Nunito-ExtraBold.ttf */ = {isa = PBXFileReference; lastKnownFileType = file; path = "Nunito-ExtraBold.ttf"; sourceTree = "<group>"; };
		7AFC9F48216B890E008F6AB1 /* Nunito-Italic.ttf */ = {isa = PBXFileReference; lastKnownFileType = file; path = "Nunito-Italic.ttf"; sourceTree = "<group>"; };
		7AFC9F49216B890E008F6AB1 /* Nunito-BoldItalic.ttf */ = {isa = PBXFileReference; lastKnownFileType = file; path = "Nunito-BoldItalic.ttf"; sourceTree = "<group>"; };
		7AFC9F4A216B890E008F6AB1 /* Nunito-ExtraLightItalic.ttf */ = {isa = PBXFileReference; lastKnownFileType = file; path = "Nunito-ExtraLightItalic.ttf"; sourceTree = "<group>"; };
		7AFC9F4B216B890E008F6AB1 /* Nunito-ExtraBoldItalic.ttf */ = {isa = PBXFileReference; lastKnownFileType = file; path = "Nunito-ExtraBoldItalic.ttf"; sourceTree = "<group>"; };
		7AFC9F4C216B890E008F6AB1 /* Nunito-LightItalic.ttf */ = {isa = PBXFileReference; lastKnownFileType = file; path = "Nunito-LightItalic.ttf"; sourceTree = "<group>"; };
		9A88EA6C74A32B3F19827892 /* Pods-GetBee.staging.xcconfig */ = {isa = PBXFileReference; includeInIndex = 1; lastKnownFileType = text.xcconfig; name = "Pods-GetBee.staging.xcconfig"; path = "Pods/Target Support Files/Pods-GetBee/Pods-GetBee.staging.xcconfig"; sourceTree = "<group>"; };
		9B0C72691C738D3400BAF3B1 /* AppDelegate.swift */ = {isa = PBXFileReference; fileEncoding = 4; indentWidth = 2; lastKnownFileType = sourcecode.swift; path = AppDelegate.swift; sourceTree = "<group>"; tabWidth = 2; };
		9B0C726A1C738D3400BAF3B1 /* Assets.xcassets */ = {isa = PBXFileReference; lastKnownFileType = folder.assetcatalog; path = Assets.xcassets; sourceTree = "<group>"; };
		9B0C726C1C738D3400BAF3B1 /* APIClient.swift */ = {isa = PBXFileReference; fileEncoding = 4; lastKnownFileType = sourcecode.swift; lineEnding = 0; path = APIClient.swift; sourceTree = "<group>"; xcLanguageSpecificationIdentifier = xcode.lang.swift; };
		9B0C726D1C738D3400BAF3B1 /* Info.plist */ = {isa = PBXFileReference; fileEncoding = 4; lastKnownFileType = text.plist.xml; path = Info.plist; sourceTree = "<group>"; };
		9B0C726E1C738D3400BAF3B1 /* UserAPI.swift */ = {isa = PBXFileReference; fileEncoding = 4; indentWidth = 2; lastKnownFileType = sourcecode.swift; lineEnding = 0; path = UserAPI.swift; sourceTree = "<group>"; tabWidth = 2; xcLanguageSpecificationIdentifier = xcode.lang.swift; };
		9B12AF6B1F269B03005FD465 /* ThirdPartyKeys.example.plist */ = {isa = PBXFileReference; fileEncoding = 4; lastKnownFileType = text.plist.xml; path = ThirdPartyKeys.example.plist; sourceTree = "<group>"; };
		9B2BF7291EBB9AB5001638C4 /* AcceptanceTests.xctest */ = {isa = PBXFileReference; explicitFileType = wrapper.cfbundle; includeInIndex = 0; path = AcceptanceTests.xctest; sourceTree = BUILT_PRODUCTS_DIR; };
		9B3AA3981ED35007005A4D26 /* SignInViewController.swift */ = {isa = PBXFileReference; fileEncoding = 4; lastKnownFileType = sourcecode.swift; path = SignInViewController.swift; sourceTree = "<group>"; };
		9B3AA39A1ED35013005A4D26 /* SignUpViewController.swift */ = {isa = PBXFileReference; fileEncoding = 4; lastKnownFileType = sourcecode.swift; path = SignUpViewController.swift; sourceTree = "<group>"; };
		9B5AFADA1C7205EC002347D6 /* GetBee.app */ = {isa = PBXFileReference; explicitFileType = wrapper.application; includeInIndex = 0; path = GetBee.app; sourceTree = BUILT_PRODUCTS_DIR; };
		9B715A451E28083600C0C039 /* PlaceholderTextView.swift */ = {isa = PBXFileReference; fileEncoding = 4; indentWidth = 2; lastKnownFileType = sourcecode.swift; path = PlaceholderTextView.swift; sourceTree = "<group>"; tabWidth = 2; };
		9B77E0721E2FB6350020E450 /* User.swift */ = {isa = PBXFileReference; fileEncoding = 4; lastKnownFileType = sourcecode.swift; path = User.swift; sourceTree = "<group>"; };
		9B77E0741E2FB66F0020E450 /* UserDataManager.swift */ = {isa = PBXFileReference; fileEncoding = 4; lastKnownFileType = sourcecode.swift; path = UserDataManager.swift; sourceTree = "<group>"; };
		9B77E0781E2FCF710020E450 /* Media.swift */ = {isa = PBXFileReference; fileEncoding = 4; lastKnownFileType = sourcecode.swift; path = Media.swift; sourceTree = "<group>"; };
		9B8574D6212C81950063A3E2 /* SignUpViewModel.swift */ = {isa = PBXFileReference; lastKnownFileType = sourcecode.swift; path = SignUpViewModel.swift; sourceTree = "<group>"; };
		9B8574D8212C84130063A3E2 /* UIImageExtension.swift */ = {isa = PBXFileReference; lastKnownFileType = sourcecode.swift; path = UIImageExtension.swift; sourceTree = "<group>"; };
		9B88CC661CAB305900AE60C5 /* Constants.swift */ = {isa = PBXFileReference; fileEncoding = 4; lastKnownFileType = sourcecode.swift; path = Constants.swift; sourceTree = "<group>"; };
		9B8D306C20AB456C0050697F /* en */ = {isa = PBXFileReference; lastKnownFileType = text.plist.strings; name = en; path = en.lproj/Localization.strings; sourceTree = "<group>"; };
		9B8D306E20AB456D0050697F /* es */ = {isa = PBXFileReference; lastKnownFileType = text.plist.strings; name = es; path = es.lproj/Localization.strings; sourceTree = "<group>"; };
		9B8D306F20AB47E90050697F /* JSONEncodingExtension.swift */ = {isa = PBXFileReference; lastKnownFileType = sourcecode.swift; path = JSONEncodingExtension.swift; sourceTree = "<group>"; };
		9B9C6BFD20C7160700EB0523 /* README.md */ = {isa = PBXFileReference; fileEncoding = 4; lastKnownFileType = net.daringfireball.markdown; path = README.md; sourceTree = "<group>"; };
		9BAFB7C22114E3CD0099DC61 /* SignInViewModel.swift */ = {isa = PBXFileReference; lastKnownFileType = sourcecode.swift; path = SignInViewModel.swift; sourceTree = "<group>"; };
		9BD01E351F01641E007255E3 /* DictionaryExtension.swift */ = {isa = PBXFileReference; fileEncoding = 4; lastKnownFileType = sourcecode.swift; path = DictionaryExtension.swift; sourceTree = "<group>"; };
		9BD4090F1CE9F19E005223C9 /* UIHelper.swift */ = {isa = PBXFileReference; fileEncoding = 4; indentWidth = 2; lastKnownFileType = sourcecode.swift; path = UIHelper.swift; sourceTree = "<group>"; tabWidth = 2; };
		9BE3669C1F101736007CAECD /* MultipartMedia.swift */ = {isa = PBXFileReference; fileEncoding = 4; lastKnownFileType = sourcecode.swift; path = MultipartMedia.swift; sourceTree = "<group>"; };
		9BE3669E1F10175E007CAECD /* Base64Media.swift */ = {isa = PBXFileReference; fileEncoding = 4; lastKnownFileType = sourcecode.swift; path = Base64Media.swift; sourceTree = "<group>"; };
		9BFA84F21C776827009F64E4 /* LaunchScreen.storyboard */ = {isa = PBXFileReference; fileEncoding = 4; lastKnownFileType = file.storyboard; path = LaunchScreen.storyboard; sourceTree = "<group>"; };
		A57425D72E2FD1FEA06AF8DC /* Pods-GetBee.release.xcconfig */ = {isa = PBXFileReference; includeInIndex = 1; lastKnownFileType = text.xcconfig; name = "Pods-GetBee.release.xcconfig"; path = "Pods/Target Support Files/Pods-GetBee/Pods-GetBee.release.xcconfig"; sourceTree = "<group>"; };
		E81171911DE5EFB7003D3DF5 /* UIViewControllerExtension.swift */ = {isa = PBXFileReference; fileEncoding = 4; indentWidth = 2; lastKnownFileType = sourcecode.swift; path = UIViewControllerExtension.swift; sourceTree = "<group>"; tabWidth = 2; };
		E8290BFD1D832D9200599960 /* UIViewExtension.swift */ = {isa = PBXFileReference; fileEncoding = 4; indentWidth = 2; lastKnownFileType = sourcecode.swift; path = UIViewExtension.swift; sourceTree = "<group>"; tabWidth = 2; };
		E8290C011D8330A800599960 /* StringExtension.swift */ = {isa = PBXFileReference; fileEncoding = 4; indentWidth = 2; lastKnownFileType = sourcecode.swift; path = StringExtension.swift; sourceTree = "<group>"; tabWidth = 2; };
		E8B30E011E72FF8000131DCF /* UIStoryboardExtension.swift */ = {isa = PBXFileReference; fileEncoding = 4; lastKnownFileType = sourcecode.swift; path = UIStoryboardExtension.swift; sourceTree = "<group>"; };
		E8FBB1BE1DD21A32000D6740 /* Session.swift */ = {isa = PBXFileReference; fileEncoding = 4; lastKnownFileType = sourcecode.swift; path = Session.swift; sourceTree = "<group>"; };
		E8FBB1C01DD21D18000D6740 /* SessionManager.swift */ = {isa = PBXFileReference; fileEncoding = 4; lastKnownFileType = sourcecode.swift; path = SessionManager.swift; sourceTree = "<group>"; };
		FABDC9211EE1EB2B000DDAC3 /* ConfigurationManager.swift */ = {isa = PBXFileReference; fileEncoding = 4; lastKnownFileType = sourcecode.swift; path = ConfigurationManager.swift; sourceTree = "<group>"; };
/* End PBXFileReference section */

/* Begin PBXFrameworksBuildPhase section */
		9B2BF7261EBB9AB5001638C4 /* Frameworks */ = {
			isa = PBXFrameworksBuildPhase;
			buildActionMask = 2147483647;
			files = (
			);
			runOnlyForDeploymentPostprocessing = 0;
		};
		9B5AFAD71C7205EB002347D6 /* Frameworks */ = {
			isa = PBXFrameworksBuildPhase;
			buildActionMask = 2147483647;
			files = (
				2CBBBFA9E265614B91003C6A /* Pods_GetBee.framework in Frameworks */,
			);
			runOnlyForDeploymentPostprocessing = 0;
		};
/* End PBXFrameworksBuildPhase section */

/* Begin PBXGroup section */
		3C2D7C89B64FBF47D4F8496D /* Pods */ = {
			isa = PBXGroup;
			children = (
				74FD9AC947C095B4D1F946CC /* Pods-GetBee.debug.xcconfig */,
				9A88EA6C74A32B3F19827892 /* Pods-GetBee.staging.xcconfig */,
				A57425D72E2FD1FEA06AF8DC /* Pods-GetBee.release.xcconfig */,
			);
			name = Pods;
			sourceTree = "<group>";
		};
		7A06AD9A2174264A00E3CDAA /* CarrerOrCity */ = {
			isa = PBXGroup;
			children = (
				7A06AD9B2174266400E3CDAA /* CustomCell.swift */,
				7AB0AD0B2173876300F576B5 /* CarrerOrCityController.swift */,
			);
			path = CarrerOrCity;
			sourceTree = "<group>";
		};
		7A121D8B21718A1E001E0B35 /* Response */ = {
			isa = PBXGroup;
			children = (
				7A121D8C21718A4D001E0B35 /* Login.swift */,
				7A6F9EF32192DADE0081862E /* GetMyProfile.swift */,
				7A6F9EF72192E6B20081862E /* Job.swift */,
				7AFA0AEB2194364F00A42267 /* AddRemoveJob.swift */,
				7A1D9713219923B0007A4200 /* CarrerList.swift */,
				7A74594E219990CC007EDB42 /* JobDetail.swift */,
				7AA7021B219CFE8900566F43 /* MyCV.swift */,
				7AC6DA7921A24A2F00BD5C10 /* DetailCV.swift */,
				7AC6DA7B21A2756000BD5C10 /* ListCV.swift */,
				7A17F3B921A396AD000B4D1F /* ListCVSubmit.swift */,
				7A8B9BB321A41D4C00F6E77C /* DeleteCV.swift */,
				7AFB065221A4F3AD0046CB7B /* MyJobSaved.swift */,
				7A78E35C21A5785C007BA69C /* SubmitCV.swift */,
				7A78E35E21A57A1A007BA69C /* ErrorSubmitCV.swift */,
			);
			path = Response;
			sourceTree = "<group>";
		};
		7A2EA49421A0EDFF00E61681 /* ExpandableViewCell */ = {
			isa = PBXGroup;
			children = (
				7A2EA49621A0EE2400E61681 /* ExpandableCell.xib */,
				7A2EA49521A0EE2300E61681 /* ExpandableCells.swift */,
				7A2EA49721A0EE2400E61681 /* ExpandedCell.xib */,
				7A78E35621A5412A007BA69C /* ExpandedLevelCell.xib */,
				7A78E35821A54A4C007BA69C /* ExpandableLanCell.xib */,
				7A78E35A21A54BD0007BA69C /* ExpandedLanCell.xib */,
			);
			path = ExpandableViewCell;
			sourceTree = "<group>";
		};
		7A73F58921A82AB400DC67D2 /* CustomView */ = {
			isa = PBXGroup;
			children = (
				7A73F58A21A82AC800DC67D2 /* DesignableUITextField.swift */,
			);
			path = CustomView;
			sourceTree = "<group>";
		};
		7A772992219A89F600A0CB97 /* CVSend */ = {
			isa = PBXGroup;
			children = (
				7A0C133521749018000AC5F2 /* CVSendController.swift */,
				7A772995219A8A2200A0CB97 /* CVSendTableViewCell.swift */,
			);
			path = CVSend;
			sourceTree = "<group>";
		};
		7A882CC0219EC01A009A2518 /* DetailCV */ = {
			isa = PBXGroup;
			children = (
				7A2EA49421A0EDFF00E61681 /* ExpandableViewCell */,
				7A882CC1219EC03C009A2518 /* DetailCVController.swift */,
				7AF1BD53219FBB20002FDC63 /* InfoDetailCVController.swift */,
				7AF1BD55219FCF98002FDC63 /* ExpDetailCVController.swift */,
				7A2EA49B21A0FC2200E61681 /* LevelDetailCVController.swift */,
				7A2EA49D21A0FC3A00E61681 /* LanDetailCVController.swift */,
				7A2EA49F21A0FC5400E61681 /* ComDetailCVController.swift */,
				7A2EA4A121A0FC6300E61681 /* SkillDetailCVController.swift */,
			);
			path = DetailCV;
			sourceTree = "<group>";
		};
		7A955E2121A800FB00D402D4 /* Intro */ = {
			isa = PBXGroup;
			children = (
				7A955E1D21A7E78A00D402D4 /* IntroController.swift */,
				7A955E2221A8011800D402D4 /* IntroOneController.swift */,
				7A955E2421A8012A00D402D4 /* IntroTwoController.swift */,
				7A955E2621A8013B00D402D4 /* IntroThreeController.swift */,
			);
			path = Intro;
			sourceTree = "<group>";
		};
		7A99AA5921719A7B00E3B0DC /* Left View Controller */ = {
			isa = PBXGroup;
			children = (
				7A99AA5A21719A8B00E3B0DC /* LeftViewCell.swift */,
				7A99AA5B21719A8B00E3B0DC /* LeftViewController.swift */,
			);
			path = "Left View Controller";
			sourceTree = "<group>";
		};
		7A99AA5E21719B3600E3B0DC /* Root View Controller */ = {
			isa = PBXGroup;
			children = (
				7A99AA5F21719B6400E3B0DC /* NavigationController.swift */,
				7A99AA6121719B6400E3B0DC /* ViewController.swift */,
				7A6F9EF92192F1570081862E /* JobTableViewCell.swift */,
			);
			path = "Root View Controller";
			sourceTree = "<group>";
		};
		7AA70216219CFBBB00566F43 /* ChooseCVSubmit */ = {
			isa = PBXGroup;
			children = (
				7AA70217219CFD6300566F43 /* ChooseCVSubmitController.swift */,
				7AA70219219CFD8500566F43 /* CVSubmitTableViewCell.swift */,
			);
			path = ChooseCVSubmit;
			sourceTree = "<group>";
		};
		7AC6DA7D21A2781600BD5C10 /* MyCV */ = {
			isa = PBXGroup;
			children = (
				7AC6DA7E21A2782C00BD5C10 /* MyCVController.swift */,
				7AC6DA8021A2784900BD5C10 /* MyCVSavedController.swift */,
				7AC6DA8221A2785B00BD5C10 /* MyCVAppliedController.swift */,
				7A17F3BB21A3A9AC000B4D1F /* MyCVTableViewCell.swift */,
			);
			path = MyCV;
			sourceTree = "<group>";
		};
		7ADFA16321A2B408001492F0 /* MyJob */ = {
			isa = PBXGroup;
			children = (
				7ADFA16421A2B41F001492F0 /* MyJobController.swift */,
				7ADFA16621A2B49B001492F0 /* MyJobSavedController.swift */,
				7ADFA16821A2B4B4001492F0 /* MyJobAppliedController.swift */,
			);
			path = MyJob;
			sourceTree = "<group>";
		};
		7AFC9F3E216B88FB008F6AB1 /* fonts */ = {
			isa = PBXGroup;
			children = (
				7AFC9F41216B890E008F6AB1 /* Nunito-Black.ttf */,
				7AFC9F43216B890E008F6AB1 /* Nunito-BlackItalic.ttf */,
				7AFC9F46216B890E008F6AB1 /* Nunito-Bold.ttf */,
				7AFC9F49216B890E008F6AB1 /* Nunito-BoldItalic.ttf */,
				7AFC9F47216B890E008F6AB1 /* Nunito-ExtraBold.ttf */,
				7AFC9F4B216B890E008F6AB1 /* Nunito-ExtraBoldItalic.ttf */,
				7AFC9F44216B890E008F6AB1 /* Nunito-ExtraLight.ttf */,
				7AFC9F4A216B890E008F6AB1 /* Nunito-ExtraLightItalic.ttf */,
				7AFC9F48216B890E008F6AB1 /* Nunito-Italic.ttf */,
				7AFC9F3F216B890E008F6AB1 /* Nunito-Light.ttf */,
				7AFC9F4C216B890E008F6AB1 /* Nunito-LightItalic.ttf */,
				7AFC9F45216B890E008F6AB1 /* Nunito-Regular.ttf */,
				7AFC9F40216B890E008F6AB1 /* Nunito-SemiBold.ttf */,
				7AFC9F42216B890E008F6AB1 /* Nunito-SemiBoldItalic.ttf */,
			);
			path = fonts;
			sourceTree = "<group>";
		};
		9B0C72511C738C3100BAF3B1 /* GetBee */ = {
			isa = PBXGroup;
			children = (
				7A73F58921A82AB400DC67D2 /* CustomView */,
				7AFC9F3E216B88FB008F6AB1 /* fonts */,
				9BFA84EE1C7767D9009F64E4 /* Model */,
				9BAFB7BC2114CA8D0099DC61 /* View */,
				9BAFB7BD2114CA9E0099DC61 /* ViewModel */,
				9B8D306720AB45160050697F /* Resources */,
				E8290BFC1D832D6400599960 /* Extensions */,
				9BFA84EF1C7767DD009F64E4 /* Helpers */,
				9BDA91E01C7390D30003877D /* Manager */,
				9BDA91DF1C7390C10003877D /* Networking */,
				9B0C72691C738D3400BAF3B1 /* AppDelegate.swift */,
				9B0C726A1C738D3400BAF3B1 /* Assets.xcassets */,
				7A99AA58217199B100E3B0DC /* BridgingHeader.h */,
				9B0C726D1C738D3400BAF3B1 /* Info.plist */,
				9BFA84F21C776827009F64E4 /* LaunchScreen.storyboard */,
				7A06AD9D2174266C00E3CDAA /* CustomCell.xib */,
				0ABFB8921FA366D90098F751 /* Main.storyboard */,
			);
			path = GetBee;
			sourceTree = "<group>";
		};
		9B5AFAD11C7205EB002347D6 = {
			isa = PBXGroup;
			children = (
				9B9C6BFD20C7160700EB0523 /* README.md */,
				9B12AF6B1F269B03005FD465 /* ThirdPartyKeys.example.plist */,
				9B5AFADB1C7205EC002347D6 /* Products */,
				9B0C72511C738C3100BAF3B1 /* GetBee */,
				3C2D7C89B64FBF47D4F8496D /* Pods */,
				E9F3F87A766D467DE6781C9B /* Frameworks */,
			);
			sourceTree = "<group>";
		};
		9B5AFADB1C7205EC002347D6 /* Products */ = {
			isa = PBXGroup;
			children = (
				9B5AFADA1C7205EC002347D6 /* GetBee.app */,
				9B2BF7291EBB9AB5001638C4 /* AcceptanceTests.xctest */,
			);
			name = Products;
			sourceTree = "<group>";
		};
		9B8574DA212C8BF10063A3E2 /* Onboarding */ = {
			isa = PBXGroup;
			children = (
				9B3AA3981ED35007005A4D26 /* SignInViewController.swift */,
				9B3AA39A1ED35013005A4D26 /* SignUpViewController.swift */,
			);
			path = Onboarding;
			sourceTree = "<group>";
		};
		9B8D306720AB45160050697F /* Resources */ = {
			isa = PBXGroup;
			children = (
				9B8D306820AB451E0050697F /* Localization */,
			);
			path = Resources;
			sourceTree = "<group>";
		};
		9B8D306820AB451E0050697F /* Localization */ = {
			isa = PBXGroup;
			children = (
				7A51849B21AC08B300BE09F9 /* imageLeft.png */,
				9B8D306D20AB456C0050697F /* Localization.strings */,
			);
			path = Localization;
			sourceTree = "<group>";
		};
		9BAFB7BC2114CA8D0099DC61 /* View */ = {
			isa = PBXGroup;
			children = (
				7A955E2121A800FB00D402D4 /* Intro */,
				7ADFA16321A2B408001492F0 /* MyJob */,
				7AC6DA7D21A2781600BD5C10 /* MyCV */,
				7A882CC0219EC01A009A2518 /* DetailCV */,
				7AA70216219CFBBB00566F43 /* ChooseCVSubmit */,
				7A772992219A89F600A0CB97 /* CVSend */,
				7A06AD9A2174264A00E3CDAA /* CarrerOrCity */,
				7A99AA5E21719B3600E3B0DC /* Root View Controller */,
				7A99AA5921719A7B00E3B0DC /* Left View Controller */,
				7A99AA562171992800E3B0DC /* MainViewController.swift */,
				9B8574DA212C8BF10063A3E2 /* Onboarding */,
				E8290BFB1D832D4100599960 /* CustomControls */,
				7AB0AD0721736CF900F576B5 /* InfoAccountController.swift */,
				7AB0AD092173817F00F576B5 /* ChangePasswordController.swift */,
				7A06ADA0217456AF00E3CDAA /* DetailJobController.swift */,
				7A0C133121748F90000AC5F2 /* InfoController.swift */,
				7A0C133321749001000AC5F2 /* StatisticalController.swift */,
			);
			path = View;
			sourceTree = "<group>";
		};
		9BAFB7BD2114CA9E0099DC61 /* ViewModel */ = {
			isa = PBXGroup;
			children = (
				7A6F9EF12192CD890081862E /* HomeViewModel.swift */,
				7A06AD962174261800E3CDAA /* ViewModel.swift */,
				9BAFB7C02114E39C0099DC61 /* Onboarding */,
			);
			path = ViewModel;
			sourceTree = "<group>";
		};
		9BAFB7C02114E39C0099DC61 /* Onboarding */ = {
			isa = PBXGroup;
			children = (
				9BAFB7C22114E3CD0099DC61 /* SignInViewModel.swift */,
				9B8574D6212C81950063A3E2 /* SignUpViewModel.swift */,
			);
			path = Onboarding;
			sourceTree = "<group>";
		};
		9BDA91DF1C7390C10003877D /* Networking */ = {
			isa = PBXGroup;
			children = (
				7A121D8B21718A1E001E0B35 /* Response */,
				9BE3669B1F1016BD007CAECD /* Models */,
				9BFA84F11C776817009F64E4 /* Services */,
				9B0C726C1C738D3400BAF3B1 /* APIClient.swift */,
				9B77E0781E2FCF710020E450 /* Media.swift */,
			);
			path = Networking;
			sourceTree = "<group>";
		};
		9BDA91E01C7390D30003877D /* Manager */ = {
			isa = PBXGroup;
			children = (
				FABDC9211EE1EB2B000DDAC3 /* ConfigurationManager.swift */,
				E8FBB1C01DD21D18000D6740 /* SessionManager.swift */,
				9B77E0741E2FB66F0020E450 /* UserDataManager.swift */,
			);
			path = Manager;
			sourceTree = "<group>";
		};
		9BE3669B1F1016BD007CAECD /* Models */ = {
			isa = PBXGroup;
			children = (
				9BE3669E1F10175E007CAECD /* Base64Media.swift */,
				9BE3669C1F101736007CAECD /* MultipartMedia.swift */,
			);
			path = Models;
			sourceTree = "<group>";
		};
		9BFA84EE1C7767D9009F64E4 /* Model */ = {
			isa = PBXGroup;
			children = (
				7A06AD982174262300E3CDAA /* Model.swift */,
				E8FBB1BE1DD21A32000D6740 /* Session.swift */,
				9B77E0721E2FB6350020E450 /* User.swift */,
				7A1D970F21990D48007A4200 /* MyChoose.swift */,
				7A1D9711219921B9007A4200 /* CarrerCityStatus.swift */,
			);
			path = Model;
			sourceTree = "<group>";
		};
		9BFA84EF1C7767DD009F64E4 /* Helpers */ = {
			isa = PBXGroup;
			children = (
				7A8B9BB121A415F900F6E77C /* Shared.swift */,
				7A955E2821A8058200D402D4 /* HelperLibrary.swift */,
				7A955E1F21A7EB4300D402D4 /* Images.swift */,
				7A54077421953E7800324167 /* LoadingOverlay.swift */,
				9B88CC661CAB305900AE60C5 /* Constants.swift */,
				9BD4090F1CE9F19E005223C9 /* UIHelper.swift */,
				7A77298E219A653F00A0CB97 /* DateUtils.swift */,
				7A772990219A69CE00A0CB97 /* StringUtils.swift */,
				7ADFA16121A291A0001492F0 /* ScreenUtils.swift */,
				7A78E35221A53433007BA69C /* SwiftLog.swift */,
			);
			path = Helpers;
			sourceTree = "<group>";
		};
		9BFA84F11C776817009F64E4 /* Services */ = {
			isa = PBXGroup;
			children = (
				9B0C726E1C738D3400BAF3B1 /* UserAPI.swift */,
				7A6F9EF52192E1050081862E /* JobAPI.swift */,
				7AA7021D219CFEEE00566F43 /* CvsAPI.swift */,
			);
			path = Services;
			sourceTree = "<group>";
		};
		E8290BFB1D832D4100599960 /* CustomControls */ = {
			isa = PBXGroup;
			children = (
				9B715A451E28083600C0C039 /* PlaceholderTextView.swift */,
			);
			path = CustomControls;
			sourceTree = "<group>";
		};
		E8290BFC1D832D6400599960 /* Extensions */ = {
			isa = PBXGroup;
			children = (
				9BD01E351F01641E007255E3 /* DictionaryExtension.swift */,
				E8290C011D8330A800599960 /* StringExtension.swift */,
				E8B30E011E72FF8000131DCF /* UIStoryboardExtension.swift */,
				E81171911DE5EFB7003D3DF5 /* UIViewControllerExtension.swift */,
				E8290BFD1D832D9200599960 /* UIViewExtension.swift */,
				0A6990341F9F82A300F4BAC7 /* UIApplicationExtension.swift */,
				9B8D306F20AB47E90050697F /* JSONEncodingExtension.swift */,
				9B8574D8212C84130063A3E2 /* UIImageExtension.swift */,
			);
			path = Extensions;
			sourceTree = "<group>";
		};
		E9F3F87A766D467DE6781C9B /* Frameworks */ = {
			isa = PBXGroup;
			children = (
				1918587FFFAFFE12098B2264 /* Pods_AcceptanceTests.framework */,
				6CB0E9CAF37F0AF64BAC8CB1 /* Pods_GetBee.framework */,
			);
			name = Frameworks;
			sourceTree = "<group>";
		};
/* End PBXGroup section */

/* Begin PBXNativeTarget section */
		9B2BF7281EBB9AB5001638C4 /* AcceptanceTests */ = {
			isa = PBXNativeTarget;
			buildConfigurationList = 9B2BF7331EBB9AB5001638C4 /* Build configuration list for PBXNativeTarget "AcceptanceTests" */;
			buildPhases = (
				9B2BF7251EBB9AB5001638C4 /* Sources */,
				9B2BF7261EBB9AB5001638C4 /* Frameworks */,
				9B2BF7271EBB9AB5001638C4 /* Resources */,
			);
			buildRules = (
			);
			dependencies = (
				9B2BF72F1EBB9AB5001638C4 /* PBXTargetDependency */,
			);
			name = AcceptanceTests;
			productName = AcceptanceTests;
			productReference = 9B2BF7291EBB9AB5001638C4 /* AcceptanceTests.xctest */;
			productType = "com.apple.product-type.bundle.unit-test";
		};
		9B5AFAD91C7205EB002347D6 /* GetBee */ = {
			isa = PBXNativeTarget;
			buildConfigurationList = 9B5AFAEC1C7205EC002347D6 /* Build configuration list for PBXNativeTarget "GetBee" */;
			buildPhases = (
				3F4962D1859C1F437A325055 /* [CP] Check Pods Manifest.lock */,
				9B5AFAD61C7205EB002347D6 /* Sources */,
				9B5AFAD71C7205EB002347D6 /* Frameworks */,
				9B5AFAD81C7205EB002347D6 /* Resources */,
				9B22F5581C720E7D003DDCD8 /* ShellScript */,
				AD946EDF7BCC0438810C004C /* [CP] Embed Pods Frameworks */,
			);
			buildRules = (
			);
			dependencies = (
			);
			name = GetBee;
			productName = "delfie-ios";
			productReference = 9B5AFADA1C7205EC002347D6 /* GetBee.app */;
			productType = "com.apple.product-type.application";
		};
/* End PBXNativeTarget section */

/* Begin PBXProject section */
		9B5AFAD21C7205EB002347D6 /* Project object */ = {
			isa = PBXProject;
			attributes = {
				LastSwiftUpdateCheck = 0830;
				LastUpgradeCheck = 0810;
				ORGANIZATIONNAME = "TopTier labs";
				TargetAttributes = {
					9B2BF7281EBB9AB5001638C4 = {
						CreatedOnToolsVersion = 8.3.2;
						DevelopmentTeam = 2R9P8RBGBJ;
						LastSwiftMigration = 0930;
						ProvisioningStyle = Automatic;
						TestTargetID = 9B5AFAD91C7205EB002347D6;
					};
					9B5AFAD91C7205EB002347D6 = {
						CreatedOnToolsVersion = 7.2;
						DevelopmentTeam = UAUCXS4U5U;
						LastSwiftMigration = 0930;
						ProvisioningStyle = Automatic;
					};
				};
			};
			buildConfigurationList = 9B5AFAD51C7205EB002347D6 /* Build configuration list for PBXProject "GetBee" */;
			compatibilityVersion = "Xcode 3.2";
			developmentRegion = English;
			hasScannedForEncodings = 0;
			knownRegions = (
				en,
				Base,
				es,
			);
			mainGroup = 9B5AFAD11C7205EB002347D6;
			productRefGroup = 9B5AFADB1C7205EC002347D6 /* Products */;
			projectDirPath = "";
			projectRoot = "";
			targets = (
				9B5AFAD91C7205EB002347D6 /* GetBee */,
				9B2BF7281EBB9AB5001638C4 /* AcceptanceTests */,
			);
		};
/* End PBXProject section */

/* Begin PBXResourcesBuildPhase section */
		9B2BF7271EBB9AB5001638C4 /* Resources */ = {
			isa = PBXResourcesBuildPhase;
			buildActionMask = 2147483647;
			files = (
			);
			runOnlyForDeploymentPostprocessing = 0;
		};
		9B5AFAD81C7205EB002347D6 /* Resources */ = {
			isa = PBXResourcesBuildPhase;
			buildActionMask = 2147483647;
			files = (
				7AFC9F5F216B893C008F6AB1 /* Nunito-ExtraBold.ttf in Resources */,
				7A2EA49921A0EE2400E61681 /* ExpandableCell.xib in Resources */,
				7AFC9F63216B893C008F6AB1 /* Nunito-Italic.ttf in Resources */,
				9B9C6BFE20C7160700EB0523 /* README.md in Resources */,
				7AFC9F65216B893C008F6AB1 /* Nunito-LightItalic.ttf in Resources */,
				7A2EA49A21A0EE2400E61681 /* ExpandedCell.xib in Resources */,
				7AFC9F67216B893C008F6AB1 /* Nunito-SemiBold.ttf in Resources */,
				7AFC9F5B216B893C008F6AB1 /* Nunito-Black.ttf in Resources */,
				0ABFB8901FA366D90098F751 /* Main.storyboard in Resources */,
				7AFC9F66216B893C008F6AB1 /* Nunito-Regular.ttf in Resources */,
				7AFC9F68216B893C008F6AB1 /* Nunito-SemiBoldItalic.ttf in Resources */,
				7A06AD9E2174266C00E3CDAA /* CustomCell.xib in Resources */,
				9BFA84F31C776827009F64E4 /* LaunchScreen.storyboard in Resources */,
				7AFC9F5D216B893C008F6AB1 /* Nunito-Bold.ttf in Resources */,
				7A78E35B21A54BD0007BA69C /* ExpandedLanCell.xib in Resources */,
				7A78E35921A54A4C007BA69C /* ExpandableLanCell.xib in Resources */,
				9B8D306B20AB456C0050697F /* Localization.strings in Resources */,
				7AFC9F62216B893C008F6AB1 /* Nunito-ExtraLightItalic.ttf in Resources */,
				7A51849C21AC08B500BE09F9 /* imageLeft.png in Resources */,
				7AFC9F5E216B893C008F6AB1 /* Nunito-BoldItalic.ttf in Resources */,
				9B0C72721C738D3400BAF3B1 /* Assets.xcassets in Resources */,
				9B12AF6C1F269B03005FD465 /* ThirdPartyKeys.example.plist in Resources */,
				7AFC9F5C216B893C008F6AB1 /* Nunito-BlackItalic.ttf in Resources */,
				7AFC9F60216B893C008F6AB1 /* Nunito-ExtraBoldItalic.ttf in Resources */,
				7AFC9F64216B893C008F6AB1 /* Nunito-Light.ttf in Resources */,
				7AFC9F61216B893C008F6AB1 /* Nunito-ExtraLight.ttf in Resources */,
				7A78E35721A5412A007BA69C /* ExpandedLevelCell.xib in Resources */,
			);
			runOnlyForDeploymentPostprocessing = 0;
		};
/* End PBXResourcesBuildPhase section */

/* Begin PBXShellScriptBuildPhase section */
		3F4962D1859C1F437A325055 /* [CP] Check Pods Manifest.lock */ = {
			isa = PBXShellScriptBuildPhase;
			buildActionMask = 2147483647;
			files = (
			);
			inputPaths = (
				"${PODS_PODFILE_DIR_PATH}/Podfile.lock",
				"${PODS_ROOT}/Manifest.lock",
			);
			name = "[CP] Check Pods Manifest.lock";
			outputPaths = (
				"$(DERIVED_FILE_DIR)/Pods-GetBee-checkManifestLockResult.txt",
			);
			runOnlyForDeploymentPostprocessing = 0;
			shellPath = /bin/sh;
			shellScript = "diff \"${PODS_PODFILE_DIR_PATH}/Podfile.lock\" \"${PODS_ROOT}/Manifest.lock\" > /dev/null\nif [ $? != 0 ] ; then\n    # print error to STDERR\n    echo \"error: The sandbox is not in sync with the Podfile.lock. Run 'pod install' or update your CocoaPods installation.\" >&2\n    exit 1\nfi\n# This output is used by Xcode 'outputs' to avoid re-running this script phase.\necho \"SUCCESS\" > \"${SCRIPT_OUTPUT_FILE_0}\"\n";
			showEnvVarsInLog = 0;
		};
		9B22F5581C720E7D003DDCD8 /* ShellScript */ = {
			isa = PBXShellScriptBuildPhase;
			buildActionMask = 2147483647;
			files = (
			);
			inputPaths = (
			);
			outputPaths = (
			);
			runOnlyForDeploymentPostprocessing = 0;
			shellPath = /bin/sh;
			shellScript = "if which swiftlint >/dev/null; then\nswiftlint\nelse\necho \"warning: SwiftLint not installed, download from https://github.com/realm/SwiftLint\"\nfi\n";
		};
		AD946EDF7BCC0438810C004C /* [CP] Embed Pods Frameworks */ = {
			isa = PBXShellScriptBuildPhase;
			buildActionMask = 2147483647;
			files = (
			);
			inputPaths = (
				"${SRCROOT}/Pods/Target Support Files/Pods-GetBee/Pods-GetBee-frameworks.sh",
				"${BUILT_PRODUCTS_DIR}/ACFloatingTextfield-Swift/ACFloatingTextfield_Swift.framework",
				"${BUILT_PRODUCTS_DIR}/Alamofire/Alamofire.framework",
				"${BUILT_PRODUCTS_DIR}/AlamofireImage/AlamofireImage.framework",
				"${BUILT_PRODUCTS_DIR}/CarbonKit/CarbonKit.framework",
				"${BUILT_PRODUCTS_DIR}/ExpandableCell/ExpandableCell.framework",
				"${BUILT_PRODUCTS_DIR}/GoneVisible/GoneVisible.framework",
				"${BUILT_PRODUCTS_DIR}/IQKeyboardManagerSwift/IQKeyboardManagerSwift.framework",
				"${BUILT_PRODUCTS_DIR}/JJFloatingActionButton/JJFloatingActionButton.framework",
				"${BUILT_PRODUCTS_DIR}/LGSideMenuController/LGSideMenuController.framework",
				"${BUILT_PRODUCTS_DIR}/SwiftyJSON/SwiftyJSON.framework",
				"${BUILT_PRODUCTS_DIR}/SwipeCellKit/SwipeCellKit.framework",
				"${BUILT_PRODUCTS_DIR}/Toaster/Toaster.framework",
				"${BUILT_PRODUCTS_DIR}/paper-onboarding/paper_onboarding.framework",
			);
			name = "[CP] Embed Pods Frameworks";
			outputPaths = (
				"${TARGET_BUILD_DIR}/${FRAMEWORKS_FOLDER_PATH}/ACFloatingTextfield_Swift.framework",
				"${TARGET_BUILD_DIR}/${FRAMEWORKS_FOLDER_PATH}/Alamofire.framework",
				"${TARGET_BUILD_DIR}/${FRAMEWORKS_FOLDER_PATH}/AlamofireImage.framework",
				"${TARGET_BUILD_DIR}/${FRAMEWORKS_FOLDER_PATH}/CarbonKit.framework",
				"${TARGET_BUILD_DIR}/${FRAMEWORKS_FOLDER_PATH}/ExpandableCell.framework",
				"${TARGET_BUILD_DIR}/${FRAMEWORKS_FOLDER_PATH}/GoneVisible.framework",
				"${TARGET_BUILD_DIR}/${FRAMEWORKS_FOLDER_PATH}/IQKeyboardManagerSwift.framework",
				"${TARGET_BUILD_DIR}/${FRAMEWORKS_FOLDER_PATH}/JJFloatingActionButton.framework",
				"${TARGET_BUILD_DIR}/${FRAMEWORKS_FOLDER_PATH}/LGSideMenuController.framework",
				"${TARGET_BUILD_DIR}/${FRAMEWORKS_FOLDER_PATH}/SwiftyJSON.framework",
				"${TARGET_BUILD_DIR}/${FRAMEWORKS_FOLDER_PATH}/SwipeCellKit.framework",
				"${TARGET_BUILD_DIR}/${FRAMEWORKS_FOLDER_PATH}/Toaster.framework",
				"${TARGET_BUILD_DIR}/${FRAMEWORKS_FOLDER_PATH}/paper_onboarding.framework",
			);
			runOnlyForDeploymentPostprocessing = 0;
			shellPath = /bin/sh;
			shellScript = "\"${SRCROOT}/Pods/Target Support Files/Pods-GetBee/Pods-GetBee-frameworks.sh\"\n";
			showEnvVarsInLog = 0;
		};
/* End PBXShellScriptBuildPhase section */

/* Begin PBXSourcesBuildPhase section */
		9B2BF7251EBB9AB5001638C4 /* Sources */ = {
			isa = PBXSourcesBuildPhase;
			buildActionMask = 2147483647;
			files = (
			);
			runOnlyForDeploymentPostprocessing = 0;
		};
		9B5AFAD61C7205EB002347D6 /* Sources */ = {
			isa = PBXSourcesBuildPhase;
			buildActionMask = 2147483647;
			files = (
				7A0C133621749018000AC5F2 /* CVSendController.swift in Sources */,
				7A6F9EF82192E6B20081862E /* Job.swift in Sources */,
				7ADFA16521A2B41F001492F0 /* MyJobController.swift in Sources */,
				E8290BFE1D832D9200599960 /* UIViewExtension.swift in Sources */,
				9BD409101CE9F19E005223C9 /* UIHelper.swift in Sources */,
				7A6F9EF22192CD890081862E /* HomeViewModel.swift in Sources */,
				E8B30E021E72FF8000131DCF /* UIStoryboardExtension.swift in Sources */,
				7A8B9BB421A41D4C00F6E77C /* DeleteCV.swift in Sources */,
				7A1D9714219923B0007A4200 /* CarrerList.swift in Sources */,
				9B77E0751E2FB66F0020E450 /* UserDataManager.swift in Sources */,
				7A955E2021A7EB4300D402D4 /* Images.swift in Sources */,
				7AC6DA8321A2785B00BD5C10 /* MyCVAppliedController.swift in Sources */,
				9B0C72741C738D3400BAF3B1 /* APIClient.swift in Sources */,
				7AF1BD54219FBB20002FDC63 /* InfoDetailCVController.swift in Sources */,
				9BD01E361F01641E007255E3 /* DictionaryExtension.swift in Sources */,
				7AA7021A219CFD8500566F43 /* CVSubmitTableViewCell.swift in Sources */,
				E8290C021D8330A800599960 /* StringExtension.swift in Sources */,
				7AC6DA7F21A2782C00BD5C10 /* MyCVController.swift in Sources */,
				7A6F9EF42192DADE0081862E /* GetMyProfile.swift in Sources */,
				7A121D8D21718A4D001E0B35 /* Login.swift in Sources */,
				7A06AD9C2174266400E3CDAA /* CustomCell.swift in Sources */,
				7AB0AD0A2173817F00F576B5 /* ChangePasswordController.swift in Sources */,
				7A99AA572171992800E3B0DC /* MainViewController.swift in Sources */,
				7AFA0AEC2194364F00A42267 /* AddRemoveJob.swift in Sources */,
				7A06AD972174261800E3CDAA /* ViewModel.swift in Sources */,
				7A06AD992174262300E3CDAA /* Model.swift in Sources */,
				7ADFA16221A291A0001492F0 /* ScreenUtils.swift in Sources */,
				7A1D9712219921B9007A4200 /* CarrerCityStatus.swift in Sources */,
				7A2EA49C21A0FC2200E61681 /* LevelDetailCVController.swift in Sources */,
				7A54077521953E7800324167 /* LoadingOverlay.swift in Sources */,
				7A2EA49821A0EE2400E61681 /* ExpandableCells.swift in Sources */,
				7ADFA16721A2B49B001492F0 /* MyJobSavedController.swift in Sources */,
				7A8B9BB221A415F900F6E77C /* Shared.swift in Sources */,
				9B8D307020AB47E90050697F /* JSONEncodingExtension.swift in Sources */,
				7A99AA5C21719A8B00E3B0DC /* LeftViewCell.swift in Sources */,
				E81171921DE5EFB7003D3DF5 /* UIViewControllerExtension.swift in Sources */,
				7A78E35321A53433007BA69C /* SwiftLog.swift in Sources */,
				7AA7021E219CFEEE00566F43 /* CvsAPI.swift in Sources */,
				9B3AA3991ED35007005A4D26 /* SignInViewController.swift in Sources */,
				7A17F3BC21A3A9AC000B4D1F /* MyCVTableViewCell.swift in Sources */,
				E8FBB1BF1DD21A32000D6740 /* Session.swift in Sources */,
				0A6990351F9F82A300F4BAC7 /* UIApplicationExtension.swift in Sources */,
				7A6F9EF62192E1050081862E /* JobAPI.swift in Sources */,
				7A6F9EFA2192F1570081862E /* JobTableViewCell.swift in Sources */,
				9B77E0731E2FB6350020E450 /* User.swift in Sources */,
				7A2EA4A021A0FC5400E61681 /* ComDetailCVController.swift in Sources */,
				7AC6DA7C21A2756000BD5C10 /* ListCV.swift in Sources */,
				7A73F58B21A82AC800DC67D2 /* DesignableUITextField.swift in Sources */,
				7A2EA49E21A0FC3A00E61681 /* LanDetailCVController.swift in Sources */,
				7ADFA16921A2B4B4001492F0 /* MyJobAppliedController.swift in Sources */,
				7A955E1E21A7E78A00D402D4 /* IntroController.swift in Sources */,
				7A0C133421749001000AC5F2 /* StatisticalController.swift in Sources */,
				7A77298F219A653F00A0CB97 /* DateUtils.swift in Sources */,
				7A17F3BA21A396AD000B4D1F /* ListCVSubmit.swift in Sources */,
				7AA70218219CFD6300566F43 /* ChooseCVSubmitController.swift in Sources */,
				FABDC9221EE1EB2B000DDAC3 /* ConfigurationManager.swift in Sources */,
				9B8574D7212C81950063A3E2 /* SignUpViewModel.swift in Sources */,
				7A74594F219990CC007EDB42 /* JobDetail.swift in Sources */,
				9B0C72761C738D3400BAF3B1 /* UserAPI.swift in Sources */,
				9BE3669D1F101737007CAECD /* MultipartMedia.swift in Sources */,
				9B8574D9212C84130063A3E2 /* UIImageExtension.swift in Sources */,
				7A99AA6221719B6400E3B0DC /* NavigationController.swift in Sources */,
				9B3AA39B1ED35013005A4D26 /* SignUpViewController.swift in Sources */,
				7AFB065321A4F3AD0046CB7B /* MyJobSaved.swift in Sources */,
				9B0C72711C738D3400BAF3B1 /* AppDelegate.swift in Sources */,
				7A772991219A69CE00A0CB97 /* StringUtils.swift in Sources */,
				7A955E2921A8058200D402D4 /* HelperLibrary.swift in Sources */,
				7A955E2521A8012A00D402D4 /* IntroTwoController.swift in Sources */,
				7AB0AD0C2173876300F576B5 /* CarrerOrCityController.swift in Sources */,
				7A882CC2219EC03C009A2518 /* DetailCVController.swift in Sources */,
				7A99AA6421719B6400E3B0DC /* ViewController.swift in Sources */,
				E8FBB1C11DD21D18000D6740 /* SessionManager.swift in Sources */,
				7A955E2321A8011800D402D4 /* IntroOneController.swift in Sources */,
				7A1D971021990D48007A4200 /* MyChoose.swift in Sources */,
				9B77E0791E2FCF710020E450 /* Media.swift in Sources */,
				9BE3669F1F10175E007CAECD /* Base64Media.swift in Sources */,
				7AA7021C219CFE8900566F43 /* MyCV.swift in Sources */,
				7A78E35F21A57A1A007BA69C /* ErrorSubmitCV.swift in Sources */,
				9BAFB7C32114E3CD0099DC61 /* SignInViewModel.swift in Sources */,
				9B88CC671CAB305900AE60C5 /* Constants.swift in Sources */,
				7AC6DA7A21A24A2F00BD5C10 /* DetailCV.swift in Sources */,
				7A772996219A8A2200A0CB97 /* CVSendTableViewCell.swift in Sources */,
				7A06ADA1217456AF00E3CDAA /* DetailJobController.swift in Sources */,
				7A955E2721A8013B00D402D4 /* IntroThreeController.swift in Sources */,
				7A99AA5D21719A8B00E3B0DC /* LeftViewController.swift in Sources */,
				7AC6DA8121A2784900BD5C10 /* MyCVSavedController.swift in Sources */,
				7A2EA4A221A0FC6300E61681 /* SkillDetailCVController.swift in Sources */,
				7AF1BD56219FCF98002FDC63 /* ExpDetailCVController.swift in Sources */,
				9B715A461E28083600C0C039 /* PlaceholderTextView.swift in Sources */,
				7AB0AD0821736CF900F576B5 /* InfoAccountController.swift in Sources */,
				7A78E35D21A5785C007BA69C /* SubmitCV.swift in Sources */,
				7A0C133221748F90000AC5F2 /* InfoController.swift in Sources */,
			);
			runOnlyForDeploymentPostprocessing = 0;
		};
/* End PBXSourcesBuildPhase section */

/* Begin PBXTargetDependency section */
		9B2BF72F1EBB9AB5001638C4 /* PBXTargetDependency */ = {
			isa = PBXTargetDependency;
			target = 9B5AFAD91C7205EB002347D6 /* GetBee */;
			targetProxy = 9B2BF72E1EBB9AB5001638C4 /* PBXContainerItemProxy */;
		};
/* End PBXTargetDependency section */

/* Begin PBXVariantGroup section */
		0ABFB8921FA366D90098F751 /* Main.storyboard */ = {
			isa = PBXVariantGroup;
			children = (
				0ABFB8911FA366D90098F751 /* Base */,
				0ABFB8941FA366EA0098F751 /* en */,
				0ABFB8961FA366EC0098F751 /* es */,
			);
			name = Main.storyboard;
			sourceTree = "<group>";
		};
		9B8D306D20AB456C0050697F /* Localization.strings */ = {
			isa = PBXVariantGroup;
			children = (
				9B8D306C20AB456C0050697F /* en */,
				9B8D306E20AB456D0050697F /* es */,
			);
			name = Localization.strings;
			sourceTree = "<group>";
		};
/* End PBXVariantGroup section */

/* Begin XCBuildConfiguration section */
		9B2BF7301EBB9AB5001638C4 /* Debug */ = {
			isa = XCBuildConfiguration;
			buildSettings = {
				BUNDLE_LOADER = "$(TEST_HOST)";
				CLANG_ANALYZER_NONNULL = YES;
				CLANG_ANALYZER_NUMBER_OBJECT_CONVERSION = YES_AGGRESSIVE;
				CLANG_WARN_DOCUMENTATION_COMMENTS = YES;
				DEVELOPMENT_TEAM = 2R9P8RBGBJ;
				INFOPLIST_FILE = AcceptanceTests/Info.plist;
				IPHONEOS_DEPLOYMENT_TARGET = 10.3;
				LD_RUNPATH_SEARCH_PATHS = "$(inherited) @executable_path/Frameworks @loader_path/Frameworks";
				PRODUCT_BUNDLE_IDENTIFIER = com.example.AcceptanceTests;
				PRODUCT_NAME = "$(TARGET_NAME)";
				SWIFT_ACTIVE_COMPILATION_CONDITIONS = DEBUG;
				SWIFT_OBJC_BRIDGING_HEADER = "${PROJECT_DIR}/AcceptanceTests/AcceptanceTests-Bridging-Header.h";
				SWIFT_SWIFT3_OBJC_INFERENCE = Default;
				SWIFT_VERSION = 4.0;
				TEST_HOST = "$(BUILT_PRODUCTS_DIR)/GetBee.app/GetBee";
				USER_HEADER_SEARCH_PATHS = "";
			};
			name = Debug;
		};
		9B2BF7311EBB9AB5001638C4 /* Staging */ = {
			isa = XCBuildConfiguration;
			buildSettings = {
				BUNDLE_LOADER = "$(TEST_HOST)";
				CLANG_ANALYZER_NONNULL = YES;
				CLANG_ANALYZER_NUMBER_OBJECT_CONVERSION = YES_AGGRESSIVE;
				CLANG_WARN_DOCUMENTATION_COMMENTS = YES;
				DEVELOPMENT_TEAM = 2R9P8RBGBJ;
				INFOPLIST_FILE = AcceptanceTests/Info.plist;
				IPHONEOS_DEPLOYMENT_TARGET = 10.3;
				LD_RUNPATH_SEARCH_PATHS = "$(inherited) @executable_path/Frameworks @loader_path/Frameworks";
				PRODUCT_BUNDLE_IDENTIFIER = com.example.AcceptanceTests;
				PRODUCT_NAME = "$(TARGET_NAME)";
				SWIFT_OBJC_BRIDGING_HEADER = "${PROJECT_DIR}/AcceptanceTests/AcceptanceTests-Bridging-Header.h";
				SWIFT_SWIFT3_OBJC_INFERENCE = Default;
				SWIFT_VERSION = 4.0;
				TEST_HOST = "$(BUILT_PRODUCTS_DIR)/GetBee.app/GetBee";
				USER_HEADER_SEARCH_PATHS = "";
			};
			name = Staging;
		};
		9B2BF7321EBB9AB5001638C4 /* Release */ = {
			isa = XCBuildConfiguration;
			buildSettings = {
				BUNDLE_LOADER = "$(TEST_HOST)";
				CLANG_ANALYZER_NONNULL = YES;
				CLANG_ANALYZER_NUMBER_OBJECT_CONVERSION = YES_AGGRESSIVE;
				CLANG_WARN_DOCUMENTATION_COMMENTS = YES;
				DEVELOPMENT_TEAM = 2R9P8RBGBJ;
				INFOPLIST_FILE = AcceptanceTests/Info.plist;
				IPHONEOS_DEPLOYMENT_TARGET = 10.3;
				LD_RUNPATH_SEARCH_PATHS = "$(inherited) @executable_path/Frameworks @loader_path/Frameworks";
				PRODUCT_BUNDLE_IDENTIFIER = com.example.AcceptanceTests;
				PRODUCT_NAME = "$(TARGET_NAME)";
				SWIFT_OBJC_BRIDGING_HEADER = "${PROJECT_DIR}/AcceptanceTests/AcceptanceTests-Bridging-Header.h";
				SWIFT_SWIFT3_OBJC_INFERENCE = Default;
				SWIFT_VERSION = 4.0;
				TEST_HOST = "$(BUILT_PRODUCTS_DIR)/GetBee.app/GetBee";
				USER_HEADER_SEARCH_PATHS = "";
			};
			name = Release;
		};
		9B5AFAEA1C7205EC002347D6 /* Debug */ = {
			isa = XCBuildConfiguration;
			buildSettings = {
				ALWAYS_SEARCH_USER_PATHS = NO;
				CLANG_ANALYZER_LOCALIZABILITY_NONLOCALIZED = YES;
				CLANG_CXX_LANGUAGE_STANDARD = "gnu++0x";
				CLANG_CXX_LIBRARY = "libc++";
				CLANG_ENABLE_MODULES = YES;
				CLANG_ENABLE_OBJC_ARC = YES;
				CLANG_WARN_BOOL_CONVERSION = YES;
				CLANG_WARN_CONSTANT_CONVERSION = YES;
				CLANG_WARN_DIRECT_OBJC_ISA_USAGE = YES_ERROR;
				CLANG_WARN_EMPTY_BODY = YES;
				CLANG_WARN_ENUM_CONVERSION = YES;
				CLANG_WARN_INFINITE_RECURSION = YES;
				CLANG_WARN_INT_CONVERSION = YES;
				CLANG_WARN_OBJC_ROOT_CLASS = YES_ERROR;
				CLANG_WARN_SUSPICIOUS_MOVE = YES;
				CLANG_WARN_UNREACHABLE_CODE = YES;
				CLANG_WARN__DUPLICATE_METHOD_MATCH = YES;
				"CODE_SIGN_IDENTITY[sdk=iphoneos*]" = "iPhone Developer";
				COPY_PHASE_STRIP = NO;
				DEBUG_INFORMATION_FORMAT = dwarf;
				ENABLE_STRICT_OBJC_MSGSEND = YES;
				ENABLE_TESTABILITY = YES;
				GCC_C_LANGUAGE_STANDARD = gnu99;
				GCC_DYNAMIC_NO_PIC = NO;
				GCC_NO_COMMON_BLOCKS = YES;
				GCC_OPTIMIZATION_LEVEL = 0;
				GCC_PREPROCESSOR_DEFINITIONS = (
					"DEBUG=1",
					"$(inherited)",
				);
				GCC_WARN_64_TO_32_BIT_CONVERSION = YES;
				GCC_WARN_ABOUT_RETURN_TYPE = YES_ERROR;
				GCC_WARN_UNDECLARED_SELECTOR = YES;
				GCC_WARN_UNINITIALIZED_AUTOS = YES_AGGRESSIVE;
				GCC_WARN_UNUSED_FUNCTION = YES;
				GCC_WARN_UNUSED_VARIABLE = YES;
				INFOPLIST_PREPROCESS = NO;
				IPHONEOS_DEPLOYMENT_TARGET = 9.2;
				MTL_ENABLE_DEBUG_INFO = YES;
				ONLY_ACTIVE_ARCH = YES;
				SDKROOT = iphoneos;
				SWIFT_OPTIMIZATION_LEVEL = "-Onone";
				SWIFT_VERSION = 3.0;
			};
			name = Debug;
		};
		9B5AFAEB1C7205EC002347D6 /* Release */ = {
			isa = XCBuildConfiguration;
			buildSettings = {
				ALWAYS_SEARCH_USER_PATHS = NO;
				CLANG_ANALYZER_LOCALIZABILITY_NONLOCALIZED = YES;
				CLANG_CXX_LANGUAGE_STANDARD = "gnu++0x";
				CLANG_CXX_LIBRARY = "libc++";
				CLANG_ENABLE_MODULES = YES;
				CLANG_ENABLE_OBJC_ARC = YES;
				CLANG_WARN_BOOL_CONVERSION = YES;
				CLANG_WARN_CONSTANT_CONVERSION = YES;
				CLANG_WARN_DIRECT_OBJC_ISA_USAGE = YES_ERROR;
				CLANG_WARN_EMPTY_BODY = YES;
				CLANG_WARN_ENUM_CONVERSION = YES;
				CLANG_WARN_INFINITE_RECURSION = YES;
				CLANG_WARN_INT_CONVERSION = YES;
				CLANG_WARN_OBJC_ROOT_CLASS = YES_ERROR;
				CLANG_WARN_SUSPICIOUS_MOVE = YES;
				CLANG_WARN_UNREACHABLE_CODE = YES;
				CLANG_WARN__DUPLICATE_METHOD_MATCH = YES;
				"CODE_SIGN_IDENTITY[sdk=iphoneos*]" = "iPhone Developer";
				COPY_PHASE_STRIP = NO;
				DEBUG_INFORMATION_FORMAT = "dwarf-with-dsym";
				ENABLE_NS_ASSERTIONS = NO;
				ENABLE_STRICT_OBJC_MSGSEND = YES;
				GCC_C_LANGUAGE_STANDARD = gnu99;
				GCC_NO_COMMON_BLOCKS = YES;
				GCC_WARN_64_TO_32_BIT_CONVERSION = YES;
				GCC_WARN_ABOUT_RETURN_TYPE = YES_ERROR;
				GCC_WARN_UNDECLARED_SELECTOR = YES;
				GCC_WARN_UNINITIALIZED_AUTOS = YES_AGGRESSIVE;
				GCC_WARN_UNUSED_FUNCTION = YES;
				GCC_WARN_UNUSED_VARIABLE = YES;
				INFOPLIST_PREPROCESS = NO;
				IPHONEOS_DEPLOYMENT_TARGET = 9.2;
				MTL_ENABLE_DEBUG_INFO = NO;
				SDKROOT = iphoneos;
				SWIFT_OPTIMIZATION_LEVEL = "-Owholemodule";
				SWIFT_VERSION = 3.0;
				VALIDATE_PRODUCT = YES;
			};
			name = Release;
		};
		9B5AFAED1C7205EC002347D6 /* Debug */ = {
			isa = XCBuildConfiguration;
			baseConfigurationReference = 74FD9AC947C095B4D1F946CC /* Pods-GetBee.debug.xcconfig */;
			buildSettings = {
				ALWAYS_EMBED_SWIFT_STANDARD_LIBRARIES = "$(inherited)";
				ASSETCATALOG_COMPILER_APPICON_NAME = AppIcon;
				BASE_URL = "https://rails5-api-base.herokuapp.com/api/v1";
				BUNDLE_DOMAIN = com.rootstrap;
				CLANG_ENABLE_MODULES = YES;
				"CODE_SIGN_IDENTITY[sdk=iphoneos*]" = "iPhone Developer";
				CODE_SIGN_STYLE = Automatic;
				DEVELOPMENT_TEAM = UAUCXS4U5U;
				FRAMEWORK_SEARCH_PATHS = "$(inherited)";
				INFOPLIST_FILE = "$(SRCROOT)/GetBee/Info.plist";
				LD_RUNPATH_SEARCH_PATHS = "$(inherited) @executable_path/Frameworks";
				PRODUCT_BUNDLE_IDENTIFIER = com.vietinterview.getbee;
				PRODUCT_NAME = GetBee;
				PROJECT_BASE_NAME = "ios-base";
				PROVISIONING_PROFILE = "";
				PROVISIONING_PROFILE_SPECIFIER = "";
				SWIFT_OBJC_BRIDGING_HEADER = "";
				SWIFT_OPTIMIZATION_LEVEL = "-Onone";
				SWIFT_SWIFT3_OBJC_INFERENCE = Default;
				SWIFT_VERSION = 4.0;
			};
			name = Debug;
		};
		9B5AFAEE1C7205EC002347D6 /* Release */ = {
			isa = XCBuildConfiguration;
			baseConfigurationReference = A57425D72E2FD1FEA06AF8DC /* Pods-GetBee.release.xcconfig */;
			buildSettings = {
				ALWAYS_EMBED_SWIFT_STANDARD_LIBRARIES = "$(inherited)";
				ASSETCATALOG_COMPILER_APPICON_NAME = AppIcon;
				BASE_URL = "https://rails5-api-base.herokuapp.com/api/v1";
				BUNDLE_DOMAIN = com.rootstrap;
				CLANG_ENABLE_MODULES = YES;
				"CODE_SIGN_IDENTITY[sdk=iphoneos*]" = "iPhone Developer";
				CODE_SIGN_STYLE = Automatic;
				DEVELOPMENT_TEAM = UAUCXS4U5U;
				FRAMEWORK_SEARCH_PATHS = "$(inherited)";
				INFOPLIST_FILE = "$(SRCROOT)/GetBee/Info.plist";
				LD_RUNPATH_SEARCH_PATHS = "$(inherited) @executable_path/Frameworks";
				PRODUCT_BUNDLE_IDENTIFIER = com.vietinterview.getbee;
				PRODUCT_NAME = GetBee;
				PROJECT_BASE_NAME = "ios-base";
				PROVISIONING_PROFILE = "";
				PROVISIONING_PROFILE_SPECIFIER = "";
				SWIFT_OBJC_BRIDGING_HEADER = "";
				SWIFT_SWIFT3_OBJC_INFERENCE = Default;
				SWIFT_VERSION = 4.0;
			};
			name = Release;
		};
		9BEE614B1C736054002E43B2 /* Staging */ = {
			isa = XCBuildConfiguration;
			buildSettings = {
				ALWAYS_SEARCH_USER_PATHS = NO;
				CLANG_ANALYZER_LOCALIZABILITY_NONLOCALIZED = YES;
				CLANG_CXX_LANGUAGE_STANDARD = "gnu++0x";
				CLANG_CXX_LIBRARY = "libc++";
				CLANG_ENABLE_MODULES = YES;
				CLANG_ENABLE_OBJC_ARC = YES;
				CLANG_WARN_BOOL_CONVERSION = YES;
				CLANG_WARN_CONSTANT_CONVERSION = YES;
				CLANG_WARN_DIRECT_OBJC_ISA_USAGE = YES_ERROR;
				CLANG_WARN_EMPTY_BODY = YES;
				CLANG_WARN_ENUM_CONVERSION = YES;
				CLANG_WARN_INFINITE_RECURSION = YES;
				CLANG_WARN_INT_CONVERSION = YES;
				CLANG_WARN_OBJC_ROOT_CLASS = YES_ERROR;
				CLANG_WARN_SUSPICIOUS_MOVE = YES;
				CLANG_WARN_UNREACHABLE_CODE = YES;
				CLANG_WARN__DUPLICATE_METHOD_MATCH = YES;
				"CODE_SIGN_IDENTITY[sdk=iphoneos*]" = "iPhone Developer";
				COPY_PHASE_STRIP = NO;
				DEBUG_INFORMATION_FORMAT = dwarf;
				ENABLE_STRICT_OBJC_MSGSEND = YES;
				ENABLE_TESTABILITY = YES;
				GCC_C_LANGUAGE_STANDARD = gnu99;
				GCC_DYNAMIC_NO_PIC = NO;
				GCC_NO_COMMON_BLOCKS = YES;
				GCC_OPTIMIZATION_LEVEL = 0;
				GCC_PREPROCESSOR_DEFINITIONS = (
					"DEBUG=1",
					"$(inherited)",
				);
				GCC_WARN_64_TO_32_BIT_CONVERSION = YES;
				GCC_WARN_ABOUT_RETURN_TYPE = YES_ERROR;
				GCC_WARN_UNDECLARED_SELECTOR = YES;
				GCC_WARN_UNINITIALIZED_AUTOS = YES_AGGRESSIVE;
				GCC_WARN_UNUSED_FUNCTION = YES;
				GCC_WARN_UNUSED_VARIABLE = YES;
				INFOPLIST_PREPROCESS = NO;
				IPHONEOS_DEPLOYMENT_TARGET = 9.2;
				MTL_ENABLE_DEBUG_INFO = YES;
				ONLY_ACTIVE_ARCH = YES;
				SDKROOT = iphoneos;
				SWIFT_OPTIMIZATION_LEVEL = "-Onone";
				SWIFT_VERSION = 3.0;
			};
			name = Staging;
		};
		9BEE614C1C736054002E43B2 /* Staging */ = {
			isa = XCBuildConfiguration;
			baseConfigurationReference = 9A88EA6C74A32B3F19827892 /* Pods-GetBee.staging.xcconfig */;
			buildSettings = {
				ALWAYS_EMBED_SWIFT_STANDARD_LIBRARIES = "$(inherited)";
				ASSETCATALOG_COMPILER_APPICON_NAME = AppIcon;
				BASE_URL = "https://rails5-api-base.herokuapp.com/api/v1";
				BUNDLE_DOMAIN = com.rootstrap;
				CLANG_ENABLE_MODULES = YES;
				"CODE_SIGN_IDENTITY[sdk=iphoneos*]" = "iPhone Developer";
				CODE_SIGN_STYLE = Automatic;
				DEVELOPMENT_TEAM = UAUCXS4U5U;
				FRAMEWORK_SEARCH_PATHS = "$(inherited)";
				INFOPLIST_FILE = "$(SRCROOT)/GetBee/Info.plist";
				LD_RUNPATH_SEARCH_PATHS = "$(inherited) @executable_path/Frameworks";
				PRODUCT_BUNDLE_IDENTIFIER = com.vietinterview.getbee;
				PRODUCT_NAME = GetBee;
				PROJECT_BASE_NAME = "ios-base";
				PROVISIONING_PROFILE = "";
				PROVISIONING_PROFILE_SPECIFIER = "";
				SWIFT_OBJC_BRIDGING_HEADER = "";
				SWIFT_OPTIMIZATION_LEVEL = "-Onone";
				SWIFT_SWIFT3_OBJC_INFERENCE = Default;
				SWIFT_VERSION = 4.0;
			};
			name = Staging;
		};
/* End XCBuildConfiguration section */

/* Begin XCConfigurationList section */
		9B2BF7331EBB9AB5001638C4 /* Build configuration list for PBXNativeTarget "AcceptanceTests" */ = {
			isa = XCConfigurationList;
			buildConfigurations = (
				9B2BF7301EBB9AB5001638C4 /* Debug */,
				9B2BF7311EBB9AB5001638C4 /* Staging */,
				9B2BF7321EBB9AB5001638C4 /* Release */,
			);
			defaultConfigurationIsVisible = 0;
			defaultConfigurationName = Release;
		};
		9B5AFAD51C7205EB002347D6 /* Build configuration list for PBXProject "GetBee" */ = {
			isa = XCConfigurationList;
			buildConfigurations = (
				9B5AFAEA1C7205EC002347D6 /* Debug */,
				9BEE614B1C736054002E43B2 /* Staging */,
				9B5AFAEB1C7205EC002347D6 /* Release */,
			);
			defaultConfigurationIsVisible = 0;
			defaultConfigurationName = Release;
		};
		9B5AFAEC1C7205EC002347D6 /* Build configuration list for PBXNativeTarget "GetBee" */ = {
			isa = XCConfigurationList;
			buildConfigurations = (
				9B5AFAED1C7205EC002347D6 /* Debug */,
				9BEE614C1C736054002E43B2 /* Staging */,
				9B5AFAEE1C7205EC002347D6 /* Release */,
			);
			defaultConfigurationIsVisible = 0;
			defaultConfigurationName = Release;
		};
/* End XCConfigurationList section */
	};
	rootObject = 9B5AFAD21C7205EB002347D6 /* Project object */;
}
